// !$*UTF8*$!
{
	archiveVersion = 1;
	classes = {
	};
	objectVersion = 46;
	objects = {

/* Begin PBXBuildFile section */
		42027D101949E3D700D7DB5F /* XMPPAnonymousAuthentication.m in Sources */ = {isa = PBXBuildFile; fileRef = 42027CA61949E3D700D7DB5F /* XMPPAnonymousAuthentication.m */; };
		42027D111949E3D700D7DB5F /* XMPPDeprecatedDigestAuthentication.m in Sources */ = {isa = PBXBuildFile; fileRef = 42027CA91949E3D700D7DB5F /* XMPPDeprecatedDigestAuthentication.m */; };
		42027D121949E3D700D7DB5F /* XMPPDeprecatedPlainAuthentication.m in Sources */ = {isa = PBXBuildFile; fileRef = 42027CAC1949E3D700D7DB5F /* XMPPDeprecatedPlainAuthentication.m */; };
		42027D131949E3D700D7DB5F /* XMPPDigestMD5Authentication.m in Sources */ = {isa = PBXBuildFile; fileRef = 42027CAF1949E3D700D7DB5F /* XMPPDigestMD5Authentication.m */; };
		42027D141949E3D700D7DB5F /* XMPPPlainAuthentication.m in Sources */ = {isa = PBXBuildFile; fileRef = 42027CB21949E3D700D7DB5F /* XMPPPlainAuthentication.m */; };
		42027D151949E3D700D7DB5F /* XMPPSCRAMSHA1Authentication.m in Sources */ = {isa = PBXBuildFile; fileRef = 42027CB51949E3D700D7DB5F /* XMPPSCRAMSHA1Authentication.m */; };
		42027D161949E3D700D7DB5F /* XMPPXFacebookPlatformAuthentication.m in Sources */ = {isa = PBXBuildFile; fileRef = 42027CB81949E3D700D7DB5F /* XMPPXFacebookPlatformAuthentication.m */; };
		42027D171949E3D700D7DB5F /* XMPPXOAuth2Google.m in Sources */ = {isa = PBXBuildFile; fileRef = 42027CBB1949E3D700D7DB5F /* XMPPXOAuth2Google.m */; };
		42027D181949E3D700D7DB5F /* NSData+XMPP.m in Sources */ = {isa = PBXBuildFile; fileRef = 42027CBF1949E3D700D7DB5F /* NSData+XMPP.m */; };
		42027D191949E3D700D7DB5F /* NSNumber+XMPP.m in Sources */ = {isa = PBXBuildFile; fileRef = 42027CC11949E3D700D7DB5F /* NSNumber+XMPP.m */; };
		42027D1A1949E3D700D7DB5F /* NSXMLElement+XMPP.m in Sources */ = {isa = PBXBuildFile; fileRef = 42027CC31949E3D700D7DB5F /* NSXMLElement+XMPP.m */; };
		42027D1B1949E3D700D7DB5F /* XMPPElement.m in Sources */ = {isa = PBXBuildFile; fileRef = 42027CC71949E3D700D7DB5F /* XMPPElement.m */; };
		42027D1C1949E3D700D7DB5F /* XMPPIQ.m in Sources */ = {isa = PBXBuildFile; fileRef = 42027CCA1949E3D700D7DB5F /* XMPPIQ.m */; };
		42027D1D1949E3D700D7DB5F /* XMPPJID.m in Sources */ = {isa = PBXBuildFile; fileRef = 42027CCC1949E3D700D7DB5F /* XMPPJID.m */; };
		42027D1E1949E3D700D7DB5F /* XMPPMessage.m in Sources */ = {isa = PBXBuildFile; fileRef = 42027CCF1949E3D700D7DB5F /* XMPPMessage.m */; };
		42027D1F1949E3D700D7DB5F /* XMPPModule.m in Sources */ = {isa = PBXBuildFile; fileRef = 42027CD11949E3D700D7DB5F /* XMPPModule.m */; };
		42027D201949E3D700D7DB5F /* XMPPParser.m in Sources */ = {isa = PBXBuildFile; fileRef = 42027CD31949E3D700D7DB5F /* XMPPParser.m */; };
		42027D211949E3D700D7DB5F /* XMPPPresence.m in Sources */ = {isa = PBXBuildFile; fileRef = 42027CD51949E3D700D7DB5F /* XMPPPresence.m */; };
		42027D221949E3D700D7DB5F /* XMPPStream.m in Sources */ = {isa = PBXBuildFile; fileRef = 42027CD71949E3D700D7DB5F /* XMPPStream.m */; };
		42027D231949E3D700D7DB5F /* DDList.m in Sources */ = {isa = PBXBuildFile; fileRef = 42027CDA1949E3D700D7DB5F /* DDList.m */; };
		42027D241949E3D700D7DB5F /* GCDMulticastDelegate.m in Sources */ = {isa = PBXBuildFile; fileRef = 42027CDC1949E3D700D7DB5F /* GCDMulticastDelegate.m */; };
		42027D251949E3D700D7DB5F /* RFImageToDataTransformer.m in Sources */ = {isa = PBXBuildFile; fileRef = 42027CDE1949E3D700D7DB5F /* RFImageToDataTransformer.m */; };
		42027D261949E3D700D7DB5F /* XMPPIDTracker.m in Sources */ = {isa = PBXBuildFile; fileRef = 42027CE01949E3D700D7DB5F /* XMPPIDTracker.m */; };
		42027D271949E3D700D7DB5F /* XMPPSRVResolver.m in Sources */ = {isa = PBXBuildFile; fileRef = 42027CE21949E3D700D7DB5F /* XMPPSRVResolver.m */; };
		42027D281949E3D700D7DB5F /* XMPPStringPrep.m in Sources */ = {isa = PBXBuildFile; fileRef = 42027CE41949E3D700D7DB5F /* XMPPStringPrep.m */; };
		42027D291949E3D700D7DB5F /* GCDAsyncSocket.m in Sources */ = {isa = PBXBuildFile; fileRef = 42027CE81949E3D700D7DB5F /* GCDAsyncSocket.m */; };
		42027D2A1949E3D700D7DB5F /* DDAbstractDatabaseLogger.m in Sources */ = {isa = PBXBuildFile; fileRef = 42027CEB1949E3D700D7DB5F /* DDAbstractDatabaseLogger.m */; };
		42027D2B1949E3D700D7DB5F /* DDASLLogger.m in Sources */ = {isa = PBXBuildFile; fileRef = 42027CED1949E3D700D7DB5F /* DDASLLogger.m */; };
		42027D2C1949E3D700D7DB5F /* DDFileLogger.m in Sources */ = {isa = PBXBuildFile; fileRef = 42027CEF1949E3D700D7DB5F /* DDFileLogger.m */; };
		42027D2D1949E3D700D7DB5F /* DDLog.m in Sources */ = {isa = PBXBuildFile; fileRef = 42027CF21949E3D700D7DB5F /* DDLog.m */; };
		42027D2E1949E3D700D7DB5F /* DDTTYLogger.m in Sources */ = {isa = PBXBuildFile; fileRef = 42027CF41949E3D700D7DB5F /* DDTTYLogger.m */; };
		42027D2F1949E3D700D7DB5F /* DDContextFilterLogFormatter.m in Sources */ = {isa = PBXBuildFile; fileRef = 42027CF71949E3D700D7DB5F /* DDContextFilterLogFormatter.m */; };
		42027D301949E3D700D7DB5F /* DDDispatchQueueLogFormatter.m in Sources */ = {isa = PBXBuildFile; fileRef = 42027CF91949E3D700D7DB5F /* DDDispatchQueueLogFormatter.m */; };
		42027D311949E3D700D7DB5F /* DDMultiFormatter.m in Sources */ = {isa = PBXBuildFile; fileRef = 42027CFB1949E3D700D7DB5F /* DDMultiFormatter.m */; };
		42027D321949E3D700D7DB5F /* README.txt in Resources */ = {isa = PBXBuildFile; fileRef = 42027CFC1949E3D700D7DB5F /* README.txt */; };
		42027D331949E3D700D7DB5F /* NSString+DDXML.m in Sources */ = {isa = PBXBuildFile; fileRef = 42027D011949E3D700D7DB5F /* NSString+DDXML.m */; };
		42027D341949E3D700D7DB5F /* DDXMLDocument.m in Sources */ = {isa = PBXBuildFile; fileRef = 42027D041949E3D700D7DB5F /* DDXMLDocument.m */; };
		42027D351949E3D700D7DB5F /* DDXMLElement.m in Sources */ = {isa = PBXBuildFile; fileRef = 42027D061949E3D700D7DB5F /* DDXMLElement.m */; };
		42027D361949E3D700D7DB5F /* DDXMLNode.m in Sources */ = {isa = PBXBuildFile; fileRef = 42027D081949E3D700D7DB5F /* DDXMLNode.m */; };
		42027D371949E3D700D7DB5F /* build-libidn.sh in Resources */ = {isa = PBXBuildFile; fileRef = 42027D0C1949E3D700D7DB5F /* build-libidn.sh */; };
		42027D381949E3D700D7DB5F /* libidn.a in Frameworks */ = {isa = PBXBuildFile; fileRef = 42027D0E1949E3D700D7DB5F /* libidn.a */; };
		420F5F04194799560024DCA6 /* LoginViewController.swift in Sources */ = {isa = PBXBuildFile; fileRef = 420F5F03194799560024DCA6 /* LoginViewController.swift */; };
		42644EF419471F0200852BEA /* AppDelegate.swift in Sources */ = {isa = PBXBuildFile; fileRef = 42644EF319471F0200852BEA /* AppDelegate.swift */; };
		42644EF919471F0200852BEA /* Main.storyboard in Resources */ = {isa = PBXBuildFile; fileRef = 42644EF719471F0200852BEA /* Main.storyboard */; };
		42644EFB19471F0200852BEA /* Images.xcassets in Resources */ = {isa = PBXBuildFile; fileRef = 42644EFA19471F0200852BEA /* Images.xcassets */; };
		42644F0719471F0200852BEA /* SwiftXMPPTests.swift in Sources */ = {isa = PBXBuildFile; fileRef = 42644F0619471F0200852BEA /* SwiftXMPPTests.swift */; };
		42E2D67E194762F100DE0EFF /* libresolv.dylib in Frameworks */ = {isa = PBXBuildFile; fileRef = 42E2D67D194762F100DE0EFF /* libresolv.dylib */; };
		42E2D6801947646700DE0EFF /* BuddyListViewController.swift in Sources */ = {isa = PBXBuildFile; fileRef = 42E2D67F1947646700DE0EFF /* BuddyListViewController.swift */; };
		42E2D682194764B600DE0EFF /* ChatDelegate.swift in Sources */ = {isa = PBXBuildFile; fileRef = 42E2D681194764B600DE0EFF /* ChatDelegate.swift */; };
		42E2D6841947685D00DE0EFF /* MessageDelegate.swift in Sources */ = {isa = PBXBuildFile; fileRef = 42E2D6831947685D00DE0EFF /* MessageDelegate.swift */; };
		42E2D6861947701000DE0EFF /* ChatViewController.swift in Sources */ = {isa = PBXBuildFile; fileRef = 42E2D6851947701000DE0EFF /* ChatViewController.swift */; };
/* End PBXBuildFile section */

/* Begin PBXContainerItemProxy section */
		42644F0119471F0200852BEA /* PBXContainerItemProxy */ = {
			isa = PBXContainerItemProxy;
			containerPortal = 42644EE619471F0200852BEA /* Project object */;
			proxyType = 1;
			remoteGlobalIDString = 42644EED19471F0200852BEA;
			remoteInfo = SwiftXMPP;
		};
/* End PBXContainerItemProxy section */

/* Begin PBXFileReference section */
		42027CA51949E3D700D7DB5F /* XMPPAnonymousAuthentication.h */ = {isa = PBXFileReference; fileEncoding = 4; lastKnownFileType = sourcecode.c.h; path = XMPPAnonymousAuthentication.h; sourceTree = "<group>"; };
		42027CA61949E3D700D7DB5F /* XMPPAnonymousAuthentication.m */ = {isa = PBXFileReference; fileEncoding = 4; lastKnownFileType = sourcecode.c.objc; path = XMPPAnonymousAuthentication.m; sourceTree = "<group>"; };
		42027CA81949E3D700D7DB5F /* XMPPDeprecatedDigestAuthentication.h */ = {isa = PBXFileReference; fileEncoding = 4; lastKnownFileType = sourcecode.c.h; path = XMPPDeprecatedDigestAuthentication.h; sourceTree = "<group>"; };
		42027CA91949E3D700D7DB5F /* XMPPDeprecatedDigestAuthentication.m */ = {isa = PBXFileReference; fileEncoding = 4; lastKnownFileType = sourcecode.c.objc; path = XMPPDeprecatedDigestAuthentication.m; sourceTree = "<group>"; };
		42027CAB1949E3D700D7DB5F /* XMPPDeprecatedPlainAuthentication.h */ = {isa = PBXFileReference; fileEncoding = 4; lastKnownFileType = sourcecode.c.h; path = XMPPDeprecatedPlainAuthentication.h; sourceTree = "<group>"; };
		42027CAC1949E3D700D7DB5F /* XMPPDeprecatedPlainAuthentication.m */ = {isa = PBXFileReference; fileEncoding = 4; lastKnownFileType = sourcecode.c.objc; path = XMPPDeprecatedPlainAuthentication.m; sourceTree = "<group>"; };
		42027CAE1949E3D700D7DB5F /* XMPPDigestMD5Authentication.h */ = {isa = PBXFileReference; fileEncoding = 4; lastKnownFileType = sourcecode.c.h; path = XMPPDigestMD5Authentication.h; sourceTree = "<group>"; };
		42027CAF1949E3D700D7DB5F /* XMPPDigestMD5Authentication.m */ = {isa = PBXFileReference; fileEncoding = 4; lastKnownFileType = sourcecode.c.objc; path = XMPPDigestMD5Authentication.m; sourceTree = "<group>"; };
		42027CB11949E3D700D7DB5F /* XMPPPlainAuthentication.h */ = {isa = PBXFileReference; fileEncoding = 4; lastKnownFileType = sourcecode.c.h; path = XMPPPlainAuthentication.h; sourceTree = "<group>"; };
		42027CB21949E3D700D7DB5F /* XMPPPlainAuthentication.m */ = {isa = PBXFileReference; fileEncoding = 4; lastKnownFileType = sourcecode.c.objc; path = XMPPPlainAuthentication.m; sourceTree = "<group>"; };
		42027CB41949E3D700D7DB5F /* XMPPSCRAMSHA1Authentication.h */ = {isa = PBXFileReference; fileEncoding = 4; lastKnownFileType = sourcecode.c.h; path = XMPPSCRAMSHA1Authentication.h; sourceTree = "<group>"; };
		42027CB51949E3D700D7DB5F /* XMPPSCRAMSHA1Authentication.m */ = {isa = PBXFileReference; fileEncoding = 4; lastKnownFileType = sourcecode.c.objc; path = XMPPSCRAMSHA1Authentication.m; sourceTree = "<group>"; };
		42027CB71949E3D700D7DB5F /* XMPPXFacebookPlatformAuthentication.h */ = {isa = PBXFileReference; fileEncoding = 4; lastKnownFileType = sourcecode.c.h; path = XMPPXFacebookPlatformAuthentication.h; sourceTree = "<group>"; };
		42027CB81949E3D700D7DB5F /* XMPPXFacebookPlatformAuthentication.m */ = {isa = PBXFileReference; fileEncoding = 4; lastKnownFileType = sourcecode.c.objc; path = XMPPXFacebookPlatformAuthentication.m; sourceTree = "<group>"; };
		42027CBA1949E3D700D7DB5F /* XMPPXOAuth2Google.h */ = {isa = PBXFileReference; fileEncoding = 4; lastKnownFileType = sourcecode.c.h; path = XMPPXOAuth2Google.h; sourceTree = "<group>"; };
		42027CBB1949E3D700D7DB5F /* XMPPXOAuth2Google.m */ = {isa = PBXFileReference; fileEncoding = 4; lastKnownFileType = sourcecode.c.objc; path = XMPPXOAuth2Google.m; sourceTree = "<group>"; };
		42027CBC1949E3D700D7DB5F /* XMPPSASLAuthentication.h */ = {isa = PBXFileReference; fileEncoding = 4; lastKnownFileType = sourcecode.c.h; path = XMPPSASLAuthentication.h; sourceTree = "<group>"; };
		42027CBE1949E3D700D7DB5F /* NSData+XMPP.h */ = {isa = PBXFileReference; fileEncoding = 4; lastKnownFileType = sourcecode.c.h; path = "NSData+XMPP.h"; sourceTree = "<group>"; };
		42027CBF1949E3D700D7DB5F /* NSData+XMPP.m */ = {isa = PBXFileReference; fileEncoding = 4; lastKnownFileType = sourcecode.c.objc; path = "NSData+XMPP.m"; sourceTree = "<group>"; };
		42027CC01949E3D700D7DB5F /* NSNumber+XMPP.h */ = {isa = PBXFileReference; fileEncoding = 4; lastKnownFileType = sourcecode.c.h; path = "NSNumber+XMPP.h"; sourceTree = "<group>"; };
		42027CC11949E3D700D7DB5F /* NSNumber+XMPP.m */ = {isa = PBXFileReference; fileEncoding = 4; lastKnownFileType = sourcecode.c.objc; path = "NSNumber+XMPP.m"; sourceTree = "<group>"; };
		42027CC21949E3D700D7DB5F /* NSXMLElement+XMPP.h */ = {isa = PBXFileReference; fileEncoding = 4; lastKnownFileType = sourcecode.c.h; path = "NSXMLElement+XMPP.h"; sourceTree = "<group>"; };
		42027CC31949E3D700D7DB5F /* NSXMLElement+XMPP.m */ = {isa = PBXFileReference; fileEncoding = 4; lastKnownFileType = sourcecode.c.objc; path = "NSXMLElement+XMPP.m"; sourceTree = "<group>"; };
		42027CC51949E3D700D7DB5F /* XMPP.h */ = {isa = PBXFileReference; fileEncoding = 4; lastKnownFileType = sourcecode.c.h; path = XMPP.h; sourceTree = "<group>"; };
		42027CC61949E3D700D7DB5F /* XMPPElement.h */ = {isa = PBXFileReference; fileEncoding = 4; lastKnownFileType = sourcecode.c.h; path = XMPPElement.h; sourceTree = "<group>"; };
		42027CC71949E3D700D7DB5F /* XMPPElement.m */ = {isa = PBXFileReference; fileEncoding = 4; lastKnownFileType = sourcecode.c.objc; path = XMPPElement.m; sourceTree = "<group>"; };
		42027CC81949E3D700D7DB5F /* XMPPInternal.h */ = {isa = PBXFileReference; fileEncoding = 4; lastKnownFileType = sourcecode.c.h; path = XMPPInternal.h; sourceTree = "<group>"; };
		42027CC91949E3D700D7DB5F /* XMPPIQ.h */ = {isa = PBXFileReference; fileEncoding = 4; lastKnownFileType = sourcecode.c.h; path = XMPPIQ.h; sourceTree = "<group>"; };
		42027CCA1949E3D700D7DB5F /* XMPPIQ.m */ = {isa = PBXFileReference; fileEncoding = 4; lastKnownFileType = sourcecode.c.objc; path = XMPPIQ.m; sourceTree = "<group>"; };
		42027CCB1949E3D700D7DB5F /* XMPPJID.h */ = {isa = PBXFileReference; fileEncoding = 4; lastKnownFileType = sourcecode.c.h; path = XMPPJID.h; sourceTree = "<group>"; };
		42027CCC1949E3D700D7DB5F /* XMPPJID.m */ = {isa = PBXFileReference; fileEncoding = 4; lastKnownFileType = sourcecode.c.objc; path = XMPPJID.m; sourceTree = "<group>"; };
		42027CCD1949E3D700D7DB5F /* XMPPLogging.h */ = {isa = PBXFileReference; fileEncoding = 4; lastKnownFileType = sourcecode.c.h; path = XMPPLogging.h; sourceTree = "<group>"; };
		42027CCE1949E3D700D7DB5F /* XMPPMessage.h */ = {isa = PBXFileReference; fileEncoding = 4; lastKnownFileType = sourcecode.c.h; path = XMPPMessage.h; sourceTree = "<group>"; };
		42027CCF1949E3D700D7DB5F /* XMPPMessage.m */ = {isa = PBXFileReference; fileEncoding = 4; lastKnownFileType = sourcecode.c.objc; path = XMPPMessage.m; sourceTree = "<group>"; };
		42027CD01949E3D700D7DB5F /* XMPPModule.h */ = {isa = PBXFileReference; fileEncoding = 4; lastKnownFileType = sourcecode.c.h; path = XMPPModule.h; sourceTree = "<group>"; };
		42027CD11949E3D700D7DB5F /* XMPPModule.m */ = {isa = PBXFileReference; fileEncoding = 4; lastKnownFileType = sourcecode.c.objc; path = XMPPModule.m; sourceTree = "<group>"; };
		42027CD21949E3D700D7DB5F /* XMPPParser.h */ = {isa = PBXFileReference; fileEncoding = 4; lastKnownFileType = sourcecode.c.h; path = XMPPParser.h; sourceTree = "<group>"; };
		42027CD31949E3D700D7DB5F /* XMPPParser.m */ = {isa = PBXFileReference; fileEncoding = 4; lastKnownFileType = sourcecode.c.objc; path = XMPPParser.m; sourceTree = "<group>"; };
		42027CD41949E3D700D7DB5F /* XMPPPresence.h */ = {isa = PBXFileReference; fileEncoding = 4; lastKnownFileType = sourcecode.c.h; path = XMPPPresence.h; sourceTree = "<group>"; };
		42027CD51949E3D700D7DB5F /* XMPPPresence.m */ = {isa = PBXFileReference; fileEncoding = 4; lastKnownFileType = sourcecode.c.objc; path = XMPPPresence.m; sourceTree = "<group>"; };
		42027CD61949E3D700D7DB5F /* XMPPStream.h */ = {isa = PBXFileReference; fileEncoding = 4; lastKnownFileType = sourcecode.c.h; path = XMPPStream.h; sourceTree = "<group>"; };
		42027CD71949E3D700D7DB5F /* XMPPStream.m */ = {isa = PBXFileReference; fileEncoding = 4; lastKnownFileType = sourcecode.c.objc; path = XMPPStream.m; sourceTree = "<group>"; };
		42027CD91949E3D700D7DB5F /* DDList.h */ = {isa = PBXFileReference; fileEncoding = 4; lastKnownFileType = sourcecode.c.h; path = DDList.h; sourceTree = "<group>"; };
		42027CDA1949E3D700D7DB5F /* DDList.m */ = {isa = PBXFileReference; fileEncoding = 4; lastKnownFileType = sourcecode.c.objc; path = DDList.m; sourceTree = "<group>"; };
		42027CDB1949E3D700D7DB5F /* GCDMulticastDelegate.h */ = {isa = PBXFileReference; fileEncoding = 4; lastKnownFileType = sourcecode.c.h; path = GCDMulticastDelegate.h; sourceTree = "<group>"; };
		42027CDC1949E3D700D7DB5F /* GCDMulticastDelegate.m */ = {isa = PBXFileReference; fileEncoding = 4; lastKnownFileType = sourcecode.c.objc; path = GCDMulticastDelegate.m; sourceTree = "<group>"; };
		42027CDD1949E3D700D7DB5F /* RFImageToDataTransformer.h */ = {isa = PBXFileReference; fileEncoding = 4; lastKnownFileType = sourcecode.c.h; path = RFImageToDataTransformer.h; sourceTree = "<group>"; };
		42027CDE1949E3D700D7DB5F /* RFImageToDataTransformer.m */ = {isa = PBXFileReference; fileEncoding = 4; lastKnownFileType = sourcecode.c.objc; path = RFImageToDataTransformer.m; sourceTree = "<group>"; };
		42027CDF1949E3D700D7DB5F /* XMPPIDTracker.h */ = {isa = PBXFileReference; fileEncoding = 4; lastKnownFileType = sourcecode.c.h; path = XMPPIDTracker.h; sourceTree = "<group>"; };
		42027CE01949E3D700D7DB5F /* XMPPIDTracker.m */ = {isa = PBXFileReference; fileEncoding = 4; lastKnownFileType = sourcecode.c.objc; path = XMPPIDTracker.m; sourceTree = "<group>"; };
		42027CE11949E3D700D7DB5F /* XMPPSRVResolver.h */ = {isa = PBXFileReference; fileEncoding = 4; lastKnownFileType = sourcecode.c.h; path = XMPPSRVResolver.h; sourceTree = "<group>"; };
		42027CE21949E3D700D7DB5F /* XMPPSRVResolver.m */ = {isa = PBXFileReference; fileEncoding = 4; lastKnownFileType = sourcecode.c.objc; path = XMPPSRVResolver.m; sourceTree = "<group>"; };
		42027CE31949E3D700D7DB5F /* XMPPStringPrep.h */ = {isa = PBXFileReference; fileEncoding = 4; lastKnownFileType = sourcecode.c.h; path = XMPPStringPrep.h; sourceTree = "<group>"; };
		42027CE41949E3D700D7DB5F /* XMPPStringPrep.m */ = {isa = PBXFileReference; fileEncoding = 4; lastKnownFileType = sourcecode.c.objc; path = XMPPStringPrep.m; sourceTree = "<group>"; };
		42027CE71949E3D700D7DB5F /* GCDAsyncSocket.h */ = {isa = PBXFileReference; fileEncoding = 4; lastKnownFileType = sourcecode.c.h; path = GCDAsyncSocket.h; sourceTree = "<group>"; };
		42027CE81949E3D700D7DB5F /* GCDAsyncSocket.m */ = {isa = PBXFileReference; fileEncoding = 4; lastKnownFileType = sourcecode.c.objc; path = GCDAsyncSocket.m; sourceTree = "<group>"; };
		42027CEA1949E3D700D7DB5F /* DDAbstractDatabaseLogger.h */ = {isa = PBXFileReference; fileEncoding = 4; lastKnownFileType = sourcecode.c.h; path = DDAbstractDatabaseLogger.h; sourceTree = "<group>"; };
		42027CEB1949E3D700D7DB5F /* DDAbstractDatabaseLogger.m */ = {isa = PBXFileReference; fileEncoding = 4; lastKnownFileType = sourcecode.c.objc; path = DDAbstractDatabaseLogger.m; sourceTree = "<group>"; };
		42027CEC1949E3D700D7DB5F /* DDASLLogger.h */ = {isa = PBXFileReference; fileEncoding = 4; lastKnownFileType = sourcecode.c.h; path = DDASLLogger.h; sourceTree = "<group>"; };
		42027CED1949E3D700D7DB5F /* DDASLLogger.m */ = {isa = PBXFileReference; fileEncoding = 4; lastKnownFileType = sourcecode.c.objc; path = DDASLLogger.m; sourceTree = "<group>"; };
		42027CEE1949E3D700D7DB5F /* DDFileLogger.h */ = {isa = PBXFileReference; fileEncoding = 4; lastKnownFileType = sourcecode.c.h; path = DDFileLogger.h; sourceTree = "<group>"; };
		42027CEF1949E3D700D7DB5F /* DDFileLogger.m */ = {isa = PBXFileReference; fileEncoding = 4; lastKnownFileType = sourcecode.c.objc; path = DDFileLogger.m; sourceTree = "<group>"; };
		42027CF01949E3D700D7DB5F /* DDLog+LOGV.h */ = {isa = PBXFileReference; fileEncoding = 4; lastKnownFileType = sourcecode.c.h; path = "DDLog+LOGV.h"; sourceTree = "<group>"; };
		42027CF11949E3D700D7DB5F /* DDLog.h */ = {isa = PBXFileReference; fileEncoding = 4; lastKnownFileType = sourcecode.c.h; path = DDLog.h; sourceTree = "<group>"; };
		42027CF21949E3D700D7DB5F /* DDLog.m */ = {isa = PBXFileReference; fileEncoding = 4; lastKnownFileType = sourcecode.c.objc; path = DDLog.m; sourceTree = "<group>"; };
		42027CF31949E3D700D7DB5F /* DDTTYLogger.h */ = {isa = PBXFileReference; fileEncoding = 4; lastKnownFileType = sourcecode.c.h; path = DDTTYLogger.h; sourceTree = "<group>"; };
		42027CF41949E3D700D7DB5F /* DDTTYLogger.m */ = {isa = PBXFileReference; fileEncoding = 4; lastKnownFileType = sourcecode.c.objc; path = DDTTYLogger.m; sourceTree = "<group>"; };
		42027CF61949E3D700D7DB5F /* DDContextFilterLogFormatter.h */ = {isa = PBXFileReference; fileEncoding = 4; lastKnownFileType = sourcecode.c.h; path = DDContextFilterLogFormatter.h; sourceTree = "<group>"; };
		42027CF71949E3D700D7DB5F /* DDContextFilterLogFormatter.m */ = {isa = PBXFileReference; fileEncoding = 4; lastKnownFileType = sourcecode.c.objc; path = DDContextFilterLogFormatter.m; sourceTree = "<group>"; };
		42027CF81949E3D700D7DB5F /* DDDispatchQueueLogFormatter.h */ = {isa = PBXFileReference; fileEncoding = 4; lastKnownFileType = sourcecode.c.h; path = DDDispatchQueueLogFormatter.h; sourceTree = "<group>"; };
		42027CF91949E3D700D7DB5F /* DDDispatchQueueLogFormatter.m */ = {isa = PBXFileReference; fileEncoding = 4; lastKnownFileType = sourcecode.c.objc; path = DDDispatchQueueLogFormatter.m; sourceTree = "<group>"; };
		42027CFA1949E3D700D7DB5F /* DDMultiFormatter.h */ = {isa = PBXFileReference; fileEncoding = 4; lastKnownFileType = sourcecode.c.h; path = DDMultiFormatter.h; sourceTree = "<group>"; };
		42027CFB1949E3D700D7DB5F /* DDMultiFormatter.m */ = {isa = PBXFileReference; fileEncoding = 4; lastKnownFileType = sourcecode.c.objc; path = DDMultiFormatter.m; sourceTree = "<group>"; };
		42027CFC1949E3D700D7DB5F /* README.txt */ = {isa = PBXFileReference; fileEncoding = 4; lastKnownFileType = text; path = README.txt; sourceTree = "<group>"; };
		42027D001949E3D700D7DB5F /* NSString+DDXML.h */ = {isa = PBXFileReference; fileEncoding = 4; lastKnownFileType = sourcecode.c.h; path = "NSString+DDXML.h"; sourceTree = "<group>"; };
		42027D011949E3D700D7DB5F /* NSString+DDXML.m */ = {isa = PBXFileReference; fileEncoding = 4; lastKnownFileType = sourcecode.c.objc; path = "NSString+DDXML.m"; sourceTree = "<group>"; };
		42027D021949E3D700D7DB5F /* DDXML.h */ = {isa = PBXFileReference; fileEncoding = 4; lastKnownFileType = sourcecode.c.h; path = DDXML.h; sourceTree = "<group>"; };
		42027D031949E3D700D7DB5F /* DDXMLDocument.h */ = {isa = PBXFileReference; fileEncoding = 4; lastKnownFileType = sourcecode.c.h; path = DDXMLDocument.h; sourceTree = "<group>"; };
		42027D041949E3D700D7DB5F /* DDXMLDocument.m */ = {isa = PBXFileReference; fileEncoding = 4; lastKnownFileType = sourcecode.c.objc; path = DDXMLDocument.m; sourceTree = "<group>"; };
		42027D051949E3D700D7DB5F /* DDXMLElement.h */ = {isa = PBXFileReference; fileEncoding = 4; lastKnownFileType = sourcecode.c.h; path = DDXMLElement.h; sourceTree = "<group>"; };
		42027D061949E3D700D7DB5F /* DDXMLElement.m */ = {isa = PBXFileReference; fileEncoding = 4; lastKnownFileType = sourcecode.c.objc; path = DDXMLElement.m; sourceTree = "<group>"; };
		42027D071949E3D700D7DB5F /* DDXMLNode.h */ = {isa = PBXFileReference; fileEncoding = 4; lastKnownFileType = sourcecode.c.h; path = DDXMLNode.h; sourceTree = "<group>"; };
		42027D081949E3D700D7DB5F /* DDXMLNode.m */ = {isa = PBXFileReference; fileEncoding = 4; lastKnownFileType = sourcecode.c.objc; path = DDXMLNode.m; sourceTree = "<group>"; };
		42027D0A1949E3D700D7DB5F /* DDXMLPrivate.h */ = {isa = PBXFileReference; fileEncoding = 4; lastKnownFileType = sourcecode.c.h; path = DDXMLPrivate.h; sourceTree = "<group>"; };
		42027D0C1949E3D700D7DB5F /* build-libidn.sh */ = {isa = PBXFileReference; fileEncoding = 4; lastKnownFileType = text.script.sh; path = "build-libidn.sh"; sourceTree = "<group>"; };
		42027D0D1949E3D700D7DB5F /* idn-int.h */ = {isa = PBXFileReference; fileEncoding = 4; lastKnownFileType = sourcecode.c.h; path = "idn-int.h"; sourceTree = "<group>"; };
		42027D0E1949E3D700D7DB5F /* libidn.a */ = {isa = PBXFileReference; lastKnownFileType = archive.ar; path = libidn.a; sourceTree = "<group>"; };
		42027D0F1949E3D700D7DB5F /* stringprep.h */ = {isa = PBXFileReference; fileEncoding = 4; lastKnownFileType = sourcecode.c.h; path = stringprep.h; sourceTree = "<group>"; };
		420F5F03194799560024DCA6 /* LoginViewController.swift */ = {isa = PBXFileReference; fileEncoding = 4; lastKnownFileType = sourcecode.swift; path = LoginViewController.swift; sourceTree = "<group>"; };
		42644EEE19471F0200852BEA /* SwiftXMPP.app */ = {isa = PBXFileReference; explicitFileType = wrapper.application; includeInIndex = 0; path = SwiftXMPP.app; sourceTree = BUILT_PRODUCTS_DIR; };
		42644EF219471F0200852BEA /* Info.plist */ = {isa = PBXFileReference; lastKnownFileType = text.plist.xml; path = Info.plist; sourceTree = "<group>"; };
		42644EF319471F0200852BEA /* AppDelegate.swift */ = {isa = PBXFileReference; lastKnownFileType = sourcecode.swift; path = AppDelegate.swift; sourceTree = "<group>"; };
		42644EF819471F0200852BEA /* Base */ = {isa = PBXFileReference; lastKnownFileType = file.storyboard; name = Base; path = Base.lproj/Main.storyboard; sourceTree = "<group>"; };
		42644EFA19471F0200852BEA /* Images.xcassets */ = {isa = PBXFileReference; lastKnownFileType = folder.assetcatalog; path = Images.xcassets; sourceTree = "<group>"; };
		42644F0019471F0200852BEA /* SwiftXMPPTests.xctest */ = {isa = PBXFileReference; explicitFileType = wrapper.cfbundle; includeInIndex = 0; path = SwiftXMPPTests.xctest; sourceTree = BUILT_PRODUCTS_DIR; };
		42644F0519471F0200852BEA /* Info.plist */ = {isa = PBXFileReference; lastKnownFileType = text.plist.xml; path = Info.plist; sourceTree = "<group>"; };
		42644F0619471F0200852BEA /* SwiftXMPPTests.swift */ = {isa = PBXFileReference; lastKnownFileType = sourcecode.swift; path = SwiftXMPPTests.swift; sourceTree = "<group>"; };
		42A54DEB1947514C00EE0429 /* SwiftXMPP-Bridging-Header.h */ = {isa = PBXFileReference; lastKnownFileType = sourcecode.c.h; path = "SwiftXMPP-Bridging-Header.h"; sourceTree = "<group>"; };
		42E2D67D194762F100DE0EFF /* libresolv.dylib */ = {isa = PBXFileReference; lastKnownFileType = "compiled.mach-o.dylib"; name = libresolv.dylib; path = usr/lib/libresolv.dylib; sourceTree = SDKROOT; };
		42E2D67F1947646700DE0EFF /* BuddyListViewController.swift */ = {isa = PBXFileReference; fileEncoding = 4; lastKnownFileType = sourcecode.swift; path = BuddyListViewController.swift; sourceTree = "<group>"; };
		42E2D681194764B600DE0EFF /* ChatDelegate.swift */ = {isa = PBXFileReference; fileEncoding = 4; lastKnownFileType = sourcecode.swift; path = ChatDelegate.swift; sourceTree = "<group>"; };
		42E2D6831947685D00DE0EFF /* MessageDelegate.swift */ = {isa = PBXFileReference; fileEncoding = 4; lastKnownFileType = sourcecode.swift; path = MessageDelegate.swift; sourceTree = "<group>"; };
		42E2D6851947701000DE0EFF /* ChatViewController.swift */ = {isa = PBXFileReference; fileEncoding = 4; lastKnownFileType = sourcecode.swift; path = ChatViewController.swift; sourceTree = "<group>"; };
		42EE7ED919498AB100FA04FD /* SwiftTests.playground */ = {isa = PBXFileReference; lastKnownFileType = file.playground; path = SwiftTests.playground; sourceTree = SOURCE_ROOT; };
/* End PBXFileReference section */

/* Begin PBXFrameworksBuildPhase section */
		42644EEB19471F0200852BEA /* Frameworks */ = {
			isa = PBXFrameworksBuildPhase;
			buildActionMask = 2147483647;
			files = (
				42E2D67E194762F100DE0EFF /* libresolv.dylib in Frameworks */,
				42027D381949E3D700D7DB5F /* libidn.a in Frameworks */,
			);
			runOnlyForDeploymentPostprocessing = 0;
		};
		42644EFD19471F0200852BEA /* Frameworks */ = {
			isa = PBXFrameworksBuildPhase;
			buildActionMask = 2147483647;
			files = (
			);
			runOnlyForDeploymentPostprocessing = 0;
		};
/* End PBXFrameworksBuildPhase section */

/* Begin PBXGroup section */
		42027CA21949E3B800D7DB5F /* XMPPFramework */ = {
			isa = PBXGroup;
			children = (
				42027CA31949E3D700D7DB5F /* Authentication */,
				42027CBD1949E3D700D7DB5F /* Categories */,
				42027CC41949E3D700D7DB5F /* Core */,
				42027CD81949E3D700D7DB5F /* Utilities */,
				42027CE51949E3D700D7DB5F /* Vendor */,
			);
			name = XMPPFramework;
			sourceTree = "<group>";
		};
		42027CA31949E3D700D7DB5F /* Authentication */ = {
			isa = PBXGroup;
			children = (
				42027CA41949E3D700D7DB5F /* Anonymous */,
				42027CA71949E3D700D7DB5F /* Deprecated-Digest */,
				42027CAA1949E3D700D7DB5F /* Deprecated-Plain */,
				42027CAD1949E3D700D7DB5F /* Digest-MD5 */,
				42027CB01949E3D700D7DB5F /* Plain */,
				42027CB31949E3D700D7DB5F /* SCRAM-SHA-1 */,
				42027CB61949E3D700D7DB5F /* X-Facebook-Platform */,
				42027CB91949E3D700D7DB5F /* X-OAuth2-Google */,
				42027CBC1949E3D700D7DB5F /* XMPPSASLAuthentication.h */,
			);
			name = Authentication;
			path = XMPPFramework/Authentication;
			sourceTree = "<group>";
		};
		42027CA41949E3D700D7DB5F /* Anonymous */ = {
			isa = PBXGroup;
			children = (
				42027CA51949E3D700D7DB5F /* XMPPAnonymousAuthentication.h */,
				42027CA61949E3D700D7DB5F /* XMPPAnonymousAuthentication.m */,
			);
			path = Anonymous;
			sourceTree = "<group>";
		};
		42027CA71949E3D700D7DB5F /* Deprecated-Digest */ = {
			isa = PBXGroup;
			children = (
				42027CA81949E3D700D7DB5F /* XMPPDeprecatedDigestAuthentication.h */,
				42027CA91949E3D700D7DB5F /* XMPPDeprecatedDigestAuthentication.m */,
			);
			path = "Deprecated-Digest";
			sourceTree = "<group>";
		};
		42027CAA1949E3D700D7DB5F /* Deprecated-Plain */ = {
			isa = PBXGroup;
			children = (
				42027CAB1949E3D700D7DB5F /* XMPPDeprecatedPlainAuthentication.h */,
				42027CAC1949E3D700D7DB5F /* XMPPDeprecatedPlainAuthentication.m */,
			);
			path = "Deprecated-Plain";
			sourceTree = "<group>";
		};
		42027CAD1949E3D700D7DB5F /* Digest-MD5 */ = {
			isa = PBXGroup;
			children = (
				42027CAE1949E3D700D7DB5F /* XMPPDigestMD5Authentication.h */,
				42027CAF1949E3D700D7DB5F /* XMPPDigestMD5Authentication.m */,
			);
			path = "Digest-MD5";
			sourceTree = "<group>";
		};
		42027CB01949E3D700D7DB5F /* Plain */ = {
			isa = PBXGroup;
			children = (
				42027CB11949E3D700D7DB5F /* XMPPPlainAuthentication.h */,
				42027CB21949E3D700D7DB5F /* XMPPPlainAuthentication.m */,
			);
			path = Plain;
			sourceTree = "<group>";
		};
		42027CB31949E3D700D7DB5F /* SCRAM-SHA-1 */ = {
			isa = PBXGroup;
			children = (
				42027CB41949E3D700D7DB5F /* XMPPSCRAMSHA1Authentication.h */,
				42027CB51949E3D700D7DB5F /* XMPPSCRAMSHA1Authentication.m */,
			);
			path = "SCRAM-SHA-1";
			sourceTree = "<group>";
		};
		42027CB61949E3D700D7DB5F /* X-Facebook-Platform */ = {
			isa = PBXGroup;
			children = (
				42027CB71949E3D700D7DB5F /* XMPPXFacebookPlatformAuthentication.h */,
				42027CB81949E3D700D7DB5F /* XMPPXFacebookPlatformAuthentication.m */,
			);
			path = "X-Facebook-Platform";
			sourceTree = "<group>";
		};
		42027CB91949E3D700D7DB5F /* X-OAuth2-Google */ = {
			isa = PBXGroup;
			children = (
				42027CBA1949E3D700D7DB5F /* XMPPXOAuth2Google.h */,
				42027CBB1949E3D700D7DB5F /* XMPPXOAuth2Google.m */,
			);
			path = "X-OAuth2-Google";
			sourceTree = "<group>";
		};
		42027CBD1949E3D700D7DB5F /* Categories */ = {
			isa = PBXGroup;
			children = (
				42027CBE1949E3D700D7DB5F /* NSData+XMPP.h */,
				42027CBF1949E3D700D7DB5F /* NSData+XMPP.m */,
				42027CC01949E3D700D7DB5F /* NSNumber+XMPP.h */,
				42027CC11949E3D700D7DB5F /* NSNumber+XMPP.m */,
				42027CC21949E3D700D7DB5F /* NSXMLElement+XMPP.h */,
				42027CC31949E3D700D7DB5F /* NSXMLElement+XMPP.m */,
			);
			name = Categories;
			path = XMPPFramework/Categories;
			sourceTree = "<group>";
		};
		42027CC41949E3D700D7DB5F /* Core */ = {
			isa = PBXGroup;
			children = (
				42027CC51949E3D700D7DB5F /* XMPP.h */,
				42027CC61949E3D700D7DB5F /* XMPPElement.h */,
				42027CC71949E3D700D7DB5F /* XMPPElement.m */,
				42027CC81949E3D700D7DB5F /* XMPPInternal.h */,
				42027CC91949E3D700D7DB5F /* XMPPIQ.h */,
				42027CCA1949E3D700D7DB5F /* XMPPIQ.m */,
				42027CCB1949E3D700D7DB5F /* XMPPJID.h */,
				42027CCC1949E3D700D7DB5F /* XMPPJID.m */,
				42027CCD1949E3D700D7DB5F /* XMPPLogging.h */,
				42027CCE1949E3D700D7DB5F /* XMPPMessage.h */,
				42027CCF1949E3D700D7DB5F /* XMPPMessage.m */,
				42027CD01949E3D700D7DB5F /* XMPPModule.h */,
				42027CD11949E3D700D7DB5F /* XMPPModule.m */,
				42027CD21949E3D700D7DB5F /* XMPPParser.h */,
				42027CD31949E3D700D7DB5F /* XMPPParser.m */,
				42027CD41949E3D700D7DB5F /* XMPPPresence.h */,
				42027CD51949E3D700D7DB5F /* XMPPPresence.m */,
				42027CD61949E3D700D7DB5F /* XMPPStream.h */,
				42027CD71949E3D700D7DB5F /* XMPPStream.m */,
			);
			name = Core;
			path = XMPPFramework/Core;
			sourceTree = "<group>";
		};
		42027CD81949E3D700D7DB5F /* Utilities */ = {
			isa = PBXGroup;
			children = (
				42027CD91949E3D700D7DB5F /* DDList.h */,
				42027CDA1949E3D700D7DB5F /* DDList.m */,
				42027CDB1949E3D700D7DB5F /* GCDMulticastDelegate.h */,
				42027CDC1949E3D700D7DB5F /* GCDMulticastDelegate.m */,
				42027CDD1949E3D700D7DB5F /* RFImageToDataTransformer.h */,
				42027CDE1949E3D700D7DB5F /* RFImageToDataTransformer.m */,
				42027CDF1949E3D700D7DB5F /* XMPPIDTracker.h */,
				42027CE01949E3D700D7DB5F /* XMPPIDTracker.m */,
				42027CE11949E3D700D7DB5F /* XMPPSRVResolver.h */,
				42027CE21949E3D700D7DB5F /* XMPPSRVResolver.m */,
				42027CE31949E3D700D7DB5F /* XMPPStringPrep.h */,
				42027CE41949E3D700D7DB5F /* XMPPStringPrep.m */,
			);
			name = Utilities;
			path = XMPPFramework/Utilities;
			sourceTree = "<group>";
		};
		42027CE51949E3D700D7DB5F /* Vendor */ = {
			isa = PBXGroup;
			children = (
				42027CE61949E3D700D7DB5F /* CocoaAsyncSocket */,
				42027CE91949E3D700D7DB5F /* CocoaLumberjack */,
				42027CFD1949E3D700D7DB5F /* facebook-ios-sdk */,
				42027CFE1949E3D700D7DB5F /* KissXML */,
				42027D0B1949E3D700D7DB5F /* libidn */,
			);
			name = Vendor;
			path = XMPPFramework/Vendor;
			sourceTree = "<group>";
		};
		42027CE61949E3D700D7DB5F /* CocoaAsyncSocket */ = {
			isa = PBXGroup;
			children = (
				42027CE71949E3D700D7DB5F /* GCDAsyncSocket.h */,
				42027CE81949E3D700D7DB5F /* GCDAsyncSocket.m */,
			);
			path = CocoaAsyncSocket;
			sourceTree = "<group>";
		};
		42027CE91949E3D700D7DB5F /* CocoaLumberjack */ = {
			isa = PBXGroup;
			children = (
				42027CEA1949E3D700D7DB5F /* DDAbstractDatabaseLogger.h */,
				42027CEB1949E3D700D7DB5F /* DDAbstractDatabaseLogger.m */,
				42027CEC1949E3D700D7DB5F /* DDASLLogger.h */,
				42027CED1949E3D700D7DB5F /* DDASLLogger.m */,
				42027CEE1949E3D700D7DB5F /* DDFileLogger.h */,
				42027CEF1949E3D700D7DB5F /* DDFileLogger.m */,
				42027CF01949E3D700D7DB5F /* DDLog+LOGV.h */,
				42027CF11949E3D700D7DB5F /* DDLog.h */,
				42027CF21949E3D700D7DB5F /* DDLog.m */,
				42027CF31949E3D700D7DB5F /* DDTTYLogger.h */,
				42027CF41949E3D700D7DB5F /* DDTTYLogger.m */,
				42027CF51949E3D700D7DB5F /* Extensions */,
			);
			path = CocoaLumberjack;
			sourceTree = "<group>";
		};
		42027CF51949E3D700D7DB5F /* Extensions */ = {
			isa = PBXGroup;
			children = (
				42027CF61949E3D700D7DB5F /* DDContextFilterLogFormatter.h */,
				42027CF71949E3D700D7DB5F /* DDContextFilterLogFormatter.m */,
				42027CF81949E3D700D7DB5F /* DDDispatchQueueLogFormatter.h */,
				42027CF91949E3D700D7DB5F /* DDDispatchQueueLogFormatter.m */,
				42027CFA1949E3D700D7DB5F /* DDMultiFormatter.h */,
				42027CFB1949E3D700D7DB5F /* DDMultiFormatter.m */,
				42027CFC1949E3D700D7DB5F /* README.txt */,
			);
			path = Extensions;
			sourceTree = "<group>";
		};
		42027CFD1949E3D700D7DB5F /* facebook-ios-sdk */ = {
			isa = PBXGroup;
			children = (
			);
			path = "facebook-ios-sdk";
			sourceTree = "<group>";
		};
		42027CFE1949E3D700D7DB5F /* KissXML */ = {
			isa = PBXGroup;
			children = (
				42027CFF1949E3D700D7DB5F /* Categories */,
				42027D021949E3D700D7DB5F /* DDXML.h */,
				42027D031949E3D700D7DB5F /* DDXMLDocument.h */,
				42027D041949E3D700D7DB5F /* DDXMLDocument.m */,
				42027D051949E3D700D7DB5F /* DDXMLElement.h */,
				42027D061949E3D700D7DB5F /* DDXMLElement.m */,
				42027D071949E3D700D7DB5F /* DDXMLNode.h */,
				42027D081949E3D700D7DB5F /* DDXMLNode.m */,
				42027D091949E3D700D7DB5F /* Private */,
			);
			path = KissXML;
			sourceTree = "<group>";
		};
		42027CFF1949E3D700D7DB5F /* Categories */ = {
			isa = PBXGroup;
			children = (
				42027D001949E3D700D7DB5F /* NSString+DDXML.h */,
				42027D011949E3D700D7DB5F /* NSString+DDXML.m */,
			);
			path = Categories;
			sourceTree = "<group>";
		};
		42027D091949E3D700D7DB5F /* Private */ = {
			isa = PBXGroup;
			children = (
				42027D0A1949E3D700D7DB5F /* DDXMLPrivate.h */,
			);
			path = Private;
			sourceTree = "<group>";
		};
		42027D0B1949E3D700D7DB5F /* libidn */ = {
			isa = PBXGroup;
			children = (
				42027D0C1949E3D700D7DB5F /* build-libidn.sh */,
				42027D0D1949E3D700D7DB5F /* idn-int.h */,
				42027D0E1949E3D700D7DB5F /* libidn.a */,
				42027D0F1949E3D700D7DB5F /* stringprep.h */,
			);
			path = libidn;
			sourceTree = "<group>";
		};
		42644EE519471F0200852BEA = {
			isa = PBXGroup;
			children = (
				42644EF019471F0200852BEA /* SwiftXMPP */,
				42644F0319471F0200852BEA /* SwiftXMPPTests */,
				42E2D5E819475F7D00DE0EFF /* Frameworks */,
				42644EEF19471F0200852BEA /* Products */,
			);
			sourceTree = "<group>";
		};
		42644EEF19471F0200852BEA /* Products */ = {
			isa = PBXGroup;
			children = (
				42644EEE19471F0200852BEA /* SwiftXMPP.app */,
				42644F0019471F0200852BEA /* SwiftXMPPTests.xctest */,
			);
			name = Products;
			sourceTree = "<group>";
		};
		42644EF019471F0200852BEA /* SwiftXMPP */ = {
			isa = PBXGroup;
			children = (
				42644EF319471F0200852BEA /* AppDelegate.swift */,
				42E2D67F1947646700DE0EFF /* BuddyListViewController.swift */,
				420F5F03194799560024DCA6 /* LoginViewController.swift */,
				42E2D6851947701000DE0EFF /* ChatViewController.swift */,
				42E2D681194764B600DE0EFF /* ChatDelegate.swift */,
				42E2D6831947685D00DE0EFF /* MessageDelegate.swift */,
				42644EF719471F0200852BEA /* Main.storyboard */,
				42644EFA19471F0200852BEA /* Images.xcassets */,
				42A54DEB1947514C00EE0429 /* SwiftXMPP-Bridging-Header.h */,
				42644EF119471F0200852BEA /* Supporting Files */,
				42EE7ED919498AB100FA04FD /* SwiftTests.playground */,
			);
			path = SwiftXMPP;
			sourceTree = "<group>";
		};
		42644EF119471F0200852BEA /* Supporting Files */ = {
			isa = PBXGroup;
			children = (
				42644EF219471F0200852BEA /* Info.plist */,
			);
			name = "Supporting Files";
			sourceTree = "<group>";
		};
		42644F0319471F0200852BEA /* SwiftXMPPTests */ = {
			isa = PBXGroup;
			children = (
				42644F0619471F0200852BEA /* SwiftXMPPTests.swift */,
				42644F0419471F0200852BEA /* Supporting Files */,
			);
			path = SwiftXMPPTests;
			sourceTree = "<group>";
		};
		42644F0419471F0200852BEA /* Supporting Files */ = {
			isa = PBXGroup;
			children = (
				42644F0519471F0200852BEA /* Info.plist */,
			);
			name = "Supporting Files";
			sourceTree = "<group>";
		};
		42E2D5E819475F7D00DE0EFF /* Frameworks */ = {
			isa = PBXGroup;
			children = (
				42027CA21949E3B800D7DB5F /* XMPPFramework */,
				42E2D67D194762F100DE0EFF /* libresolv.dylib */,
			);
			name = Frameworks;
			sourceTree = "<group>";
		};
/* End PBXGroup section */

/* Begin PBXNativeTarget section */
		42644EED19471F0200852BEA /* SwiftXMPP */ = {
			isa = PBXNativeTarget;
			buildConfigurationList = 42644F0A19471F0200852BEA /* Build configuration list for PBXNativeTarget "SwiftXMPP" */;
			buildPhases = (
				42644EEA19471F0200852BEA /* Sources */,
				42644EEB19471F0200852BEA /* Frameworks */,
				42644EEC19471F0200852BEA /* Resources */,
			);
			buildRules = (
			);
			dependencies = (
			);
			name = SwiftXMPP;
			productName = SwiftXMPP;
			productReference = 42644EEE19471F0200852BEA /* SwiftXMPP.app */;
			productType = "com.apple.product-type.application";
		};
		42644EFF19471F0200852BEA /* SwiftXMPPTests */ = {
			isa = PBXNativeTarget;
			buildConfigurationList = 42644F0D19471F0200852BEA /* Build configuration list for PBXNativeTarget "SwiftXMPPTests" */;
			buildPhases = (
				42644EFC19471F0200852BEA /* Sources */,
				42644EFD19471F0200852BEA /* Frameworks */,
				42644EFE19471F0200852BEA /* Resources */,
			);
			buildRules = (
			);
			dependencies = (
				42644F0219471F0200852BEA /* PBXTargetDependency */,
			);
			name = SwiftXMPPTests;
			productName = SwiftXMPPTests;
			productReference = 42644F0019471F0200852BEA /* SwiftXMPPTests.xctest */;
			productType = "com.apple.product-type.bundle.unit-test";
		};
/* End PBXNativeTarget section */

/* Begin PBXProject section */
		42644EE619471F0200852BEA /* Project object */ = {
			isa = PBXProject;
			attributes = {
				LastUpgradeCheck = 0600;
				ORGANIZATIONNAME = "Felix Grabowski";
				TargetAttributes = {
					42644EED19471F0200852BEA = {
						CreatedOnToolsVersion = 6.0;
					};
					42644EFF19471F0200852BEA = {
						CreatedOnToolsVersion = 6.0;
						TestTargetID = 42644EED19471F0200852BEA;
					};
				};
			};
			buildConfigurationList = 42644EE919471F0200852BEA /* Build configuration list for PBXProject "SwiftXMPP" */;
			compatibilityVersion = "Xcode 3.2";
			developmentRegion = English;
			hasScannedForEncodings = 0;
			knownRegions = (
				en,
				Base,
			);
			mainGroup = 42644EE519471F0200852BEA;
			productRefGroup = 42644EEF19471F0200852BEA /* Products */;
			projectDirPath = "";
			projectRoot = "";
			targets = (
				42644EED19471F0200852BEA /* SwiftXMPP */,
				42644EFF19471F0200852BEA /* SwiftXMPPTests */,
			);
		};
/* End PBXProject section */

/* Begin PBXResourcesBuildPhase section */
		42644EEC19471F0200852BEA /* Resources */ = {
			isa = PBXResourcesBuildPhase;
			buildActionMask = 2147483647;
			files = (
				42644EF919471F0200852BEA /* Main.storyboard in Resources */,
				42027D321949E3D700D7DB5F /* README.txt in Resources */,
				42644EFB19471F0200852BEA /* Images.xcassets in Resources */,
				42027D371949E3D700D7DB5F /* build-libidn.sh in Resources */,
			);
			runOnlyForDeploymentPostprocessing = 0;
		};
		42644EFE19471F0200852BEA /* Resources */ = {
			isa = PBXResourcesBuildPhase;
			buildActionMask = 2147483647;
			files = (
			);
			runOnlyForDeploymentPostprocessing = 0;
		};
/* End PBXResourcesBuildPhase section */

/* Begin PBXSourcesBuildPhase section */
		42644EEA19471F0200852BEA /* Sources */ = {
			isa = PBXSourcesBuildPhase;
			buildActionMask = 2147483647;
			files = (
				42027D291949E3D700D7DB5F /* GCDAsyncSocket.m in Sources */,
				42027D121949E3D700D7DB5F /* XMPPDeprecatedPlainAuthentication.m in Sources */,
				42027D181949E3D700D7DB5F /* NSData+XMPP.m in Sources */,
				42027D1F1949E3D700D7DB5F /* XMPPModule.m in Sources */,
				42027D341949E3D700D7DB5F /* DDXMLDocument.m in Sources */,
				42E2D6861947701000DE0EFF /* ChatViewController.swift in Sources */,
				42027D1E1949E3D700D7DB5F /* XMPPMessage.m in Sources */,
				42027D101949E3D700D7DB5F /* XMPPAnonymousAuthentication.m in Sources */,
				42027D201949E3D700D7DB5F /* XMPPParser.m in Sources */,
				42027D231949E3D700D7DB5F /* DDList.m in Sources */,
				42027D191949E3D700D7DB5F /* NSNumber+XMPP.m in Sources */,
				42027D131949E3D700D7DB5F /* XMPPDigestMD5Authentication.m in Sources */,
				42027D271949E3D700D7DB5F /* XMPPSRVResolver.m in Sources */,
				42027D361949E3D700D7DB5F /* DDXMLNode.m in Sources */,
				42027D351949E3D700D7DB5F /* DDXMLElement.m in Sources */,
				42027D151949E3D700D7DB5F /* XMPPSCRAMSHA1Authentication.m in Sources */,
				42E2D6841947685D00DE0EFF /* MessageDelegate.swift in Sources */,
				42027D301949E3D700D7DB5F /* DDDispatchQueueLogFormatter.m in Sources */,
				42027D2A1949E3D700D7DB5F /* DDAbstractDatabaseLogger.m in Sources */,
				42027D211949E3D700D7DB5F /* XMPPPresence.m in Sources */,
				42E2D6801947646700DE0EFF /* BuddyListViewController.swift in Sources */,
				420F5F04194799560024DCA6 /* LoginViewController.swift in Sources */,
				42027D221949E3D700D7DB5F /* XMPPStream.m in Sources */,
				42027D311949E3D700D7DB5F /* DDMultiFormatter.m in Sources */,
				42027D251949E3D700D7DB5F /* RFImageToDataTransformer.m in Sources */,
				42027D281949E3D700D7DB5F /* XMPPStringPrep.m in Sources */,
				42027D111949E3D700D7DB5F /* XMPPDeprecatedDigestAuthentication.m in Sources */,
				42027D261949E3D700D7DB5F /* XMPPIDTracker.m in Sources */,
				42027D1A1949E3D700D7DB5F /* NSXMLElement+XMPP.m in Sources */,
				42027D2D1949E3D700D7DB5F /* DDLog.m in Sources */,
				42027D2C1949E3D700D7DB5F /* DDFileLogger.m in Sources */,
				42027D1D1949E3D700D7DB5F /* XMPPJID.m in Sources */,
				42027D2F1949E3D700D7DB5F /* DDContextFilterLogFormatter.m in Sources */,
				42027D141949E3D700D7DB5F /* XMPPPlainAuthentication.m in Sources */,
				42027D2E1949E3D700D7DB5F /* DDTTYLogger.m in Sources */,
				42027D1B1949E3D700D7DB5F /* XMPPElement.m in Sources */,
				42027D161949E3D700D7DB5F /* XMPPXFacebookPlatformAuthentication.m in Sources */,
				42027D2B1949E3D700D7DB5F /* DDASLLogger.m in Sources */,
				42027D1C1949E3D700D7DB5F /* XMPPIQ.m in Sources */,
				42644EF419471F0200852BEA /* AppDelegate.swift in Sources */,
				42027D331949E3D700D7DB5F /* NSString+DDXML.m in Sources */,
				42E2D682194764B600DE0EFF /* ChatDelegate.swift in Sources */,
				42027D241949E3D700D7DB5F /* GCDMulticastDelegate.m in Sources */,
				42027D171949E3D700D7DB5F /* XMPPXOAuth2Google.m in Sources */,
			);
			runOnlyForDeploymentPostprocessing = 0;
		};
		42644EFC19471F0200852BEA /* Sources */ = {
			isa = PBXSourcesBuildPhase;
			buildActionMask = 2147483647;
			files = (
				42644F0719471F0200852BEA /* SwiftXMPPTests.swift in Sources */,
			);
			runOnlyForDeploymentPostprocessing = 0;
		};
/* End PBXSourcesBuildPhase section */

/* Begin PBXTargetDependency section */
		42644F0219471F0200852BEA /* PBXTargetDependency */ = {
			isa = PBXTargetDependency;
			target = 42644EED19471F0200852BEA /* SwiftXMPP */;
			targetProxy = 42644F0119471F0200852BEA /* PBXContainerItemProxy */;
		};
/* End PBXTargetDependency section */

/* Begin PBXVariantGroup section */
		42644EF719471F0200852BEA /* Main.storyboard */ = {
			isa = PBXVariantGroup;
			children = (
				42644EF819471F0200852BEA /* Base */,
			);
			name = Main.storyboard;
			sourceTree = "<group>";
		};
/* End PBXVariantGroup section */

/* Begin XCBuildConfiguration section */
		42644F0819471F0200852BEA /* Debug */ = {
			isa = XCBuildConfiguration;
			buildSettings = {
				ALWAYS_SEARCH_USER_PATHS = NO;
				CLANG_CXX_LANGUAGE_STANDARD = "gnu++0x";
				CLANG_CXX_LIBRARY = "libc++";
				CLANG_ENABLE_MODULES = YES;
				CLANG_ENABLE_OBJC_ARC = YES;
				CLANG_WARN_BOOL_CONVERSION = YES;
				CLANG_WARN_CONSTANT_CONVERSION = YES;
				CLANG_WARN_DIRECT_OBJC_ISA_USAGE = YES_ERROR;
				CLANG_WARN_EMPTY_BODY = YES;
				CLANG_WARN_ENUM_CONVERSION = YES;
				CLANG_WARN_INT_CONVERSION = YES;
				CLANG_WARN_OBJC_ROOT_CLASS = YES_ERROR;
				CLANG_WARN_UNREACHABLE_CODE = YES;
				CLANG_WARN__DUPLICATE_METHOD_MATCH = YES;
				"CODE_SIGN_IDENTITY[sdk=iphoneos*]" = "iPhone Developer";
				COPY_PHASE_STRIP = NO;
				ENABLE_STRICT_OBJC_MSGSEND = YES;
				GCC_C_LANGUAGE_STANDARD = gnu99;
				GCC_DYNAMIC_NO_PIC = NO;
				GCC_OPTIMIZATION_LEVEL = 0;
				GCC_PREPROCESSOR_DEFINITIONS = (
					"DEBUG=1",
					"$(inherited)",
				);
				GCC_SYMBOLS_PRIVATE_EXTERN = NO;
				GCC_WARN_64_TO_32_BIT_CONVERSION = YES;
				GCC_WARN_ABOUT_RETURN_TYPE = YES_ERROR;
				GCC_WARN_UNDECLARED_SELECTOR = YES;
				GCC_WARN_UNINITIALIZED_AUTOS = YES_AGGRESSIVE;
				GCC_WARN_UNUSED_FUNCTION = YES;
				GCC_WARN_UNUSED_VARIABLE = YES;
				HEADER_SEARCH_PATHS = (
					"$(inherited)",
					"/Applications/Xcode6-Beta.app/Contents/Developer/Toolchains/XcodeDefault.xctoolchain/usr/include",
					/usr/include/libxml2,
				);
				IPHONEOS_DEPLOYMENT_TARGET = 7.1;
				LIBRARY_SEARCH_PATHS = /Users/fukurokujo/Documents/Development/SwiftXMPP;
				METAL_ENABLE_DEBUG_INFO = YES;
				ONLY_ACTIVE_ARCH = YES;
				OTHER_LDFLAGS = "-lxml2";
				SDKROOT = iphoneos;
				SWIFT_OPTIMIZATION_LEVEL = "-Onone";
				TARGETED_DEVICE_FAMILY = "1,2";
			};
			name = Debug;
		};
		42644F0919471F0200852BEA /* Release */ = {
			isa = XCBuildConfiguration;
			buildSettings = {
				ALWAYS_SEARCH_USER_PATHS = NO;
				CLANG_CXX_LANGUAGE_STANDARD = "gnu++0x";
				CLANG_CXX_LIBRARY = "libc++";
				CLANG_ENABLE_MODULES = YES;
				CLANG_ENABLE_OBJC_ARC = YES;
				CLANG_WARN_BOOL_CONVERSION = YES;
				CLANG_WARN_CONSTANT_CONVERSION = YES;
				CLANG_WARN_DIRECT_OBJC_ISA_USAGE = YES_ERROR;
				CLANG_WARN_EMPTY_BODY = YES;
				CLANG_WARN_ENUM_CONVERSION = YES;
				CLANG_WARN_INT_CONVERSION = YES;
				CLANG_WARN_OBJC_ROOT_CLASS = YES_ERROR;
				CLANG_WARN_UNREACHABLE_CODE = YES;
				CLANG_WARN__DUPLICATE_METHOD_MATCH = YES;
				"CODE_SIGN_IDENTITY[sdk=iphoneos*]" = "iPhone Developer";
				COPY_PHASE_STRIP = YES;
				ENABLE_NS_ASSERTIONS = NO;
				ENABLE_STRICT_OBJC_MSGSEND = YES;
				GCC_C_LANGUAGE_STANDARD = gnu99;
				GCC_WARN_64_TO_32_BIT_CONVERSION = YES;
				GCC_WARN_ABOUT_RETURN_TYPE = YES_ERROR;
				GCC_WARN_UNDECLARED_SELECTOR = YES;
				GCC_WARN_UNINITIALIZED_AUTOS = YES_AGGRESSIVE;
				GCC_WARN_UNUSED_FUNCTION = YES;
				GCC_WARN_UNUSED_VARIABLE = YES;
				HEADER_SEARCH_PATHS = (
					"$(inherited)",
					"/Applications/Xcode6-Beta.app/Contents/Developer/Toolchains/XcodeDefault.xctoolchain/usr/include",
					/usr/include/libxml2,
				);
				IPHONEOS_DEPLOYMENT_TARGET = 7.1;
				LIBRARY_SEARCH_PATHS = /Users/fukurokujo/Documents/Development/SwiftXMPP;
				METAL_ENABLE_DEBUG_INFO = NO;
				OTHER_LDFLAGS = "-lxml2";
				SDKROOT = iphoneos;
				TARGETED_DEVICE_FAMILY = "1,2";
				VALIDATE_PRODUCT = YES;
			};
			name = Release;
		};
		42644F0B19471F0200852BEA /* Debug */ = {
			isa = XCBuildConfiguration;
			buildSettings = {
				ASSETCATALOG_COMPILER_APPICON_NAME = AppIcon;
				ASSETCATALOG_COMPILER_LAUNCHIMAGE_NAME = LaunchImage;
				CLANG_ENABLE_MODULES = YES;
				INFOPLIST_FILE = SwiftXMPP/Info.plist;
				IPHONEOS_DEPLOYMENT_TARGET = 7.1;
				LD_RUNPATH_SEARCH_PATHS = "$(inherited) @executable_path/Frameworks";
				LIBRARY_SEARCH_PATHS = (
					"$(inherited)",
					"$(PROJECT_DIR)",
					"$(PROJECT_DIR)/XMPPFramework/Vendor/libidn",
				);
				PRODUCT_NAME = SwiftXMPP;
				SWIFT_OBJC_BRIDGING_HEADER = "SwiftXMPP/SwiftXMPP-Bridging-Header.h";
				SWIFT_OPTIMIZATION_LEVEL = "-Onone";
			};
			name = Debug;
		};
		42644F0C19471F0200852BEA /* Release */ = {
			isa = XCBuildConfiguration;
			buildSettings = {
				ASSETCATALOG_COMPILER_APPICON_NAME = AppIcon;
				ASSETCATALOG_COMPILER_LAUNCHIMAGE_NAME = LaunchImage;
				CLANG_ENABLE_MODULES = YES;
				INFOPLIST_FILE = SwiftXMPP/Info.plist;
				IPHONEOS_DEPLOYMENT_TARGET = 7.1;
				LD_RUNPATH_SEARCH_PATHS = "$(inherited) @executable_path/Frameworks";
				LIBRARY_SEARCH_PATHS = (
					"$(inherited)",
					"$(PROJECT_DIR)",
					"$(PROJECT_DIR)/XMPPFramework/Vendor/libidn",
				);
				PRODUCT_NAME = SwiftXMPP;
				SWIFT_OBJC_BRIDGING_HEADER = "SwiftXMPP/SwiftXMPP-Bridging-Header.h";
			};
			name = Release;
		};
		42644F0E19471F0200852BEA /* Debug */ = {
			isa = XCBuildConfiguration;
			buildSettings = {
				BUNDLE_LOADER = "$(BUILT_PRODUCTS_DIR)/SwiftXMPP.app/SwiftXMPP";
				FRAMEWORK_SEARCH_PATHS = (
					"$(SDKROOT)/Developer/Library/Frameworks",
					"$(inherited)",
				);
				GCC_PREPROCESSOR_DEFINITIONS = (
					"DEBUG=1",
					"$(inherited)",
				);
				INFOPLIST_FILE = SwiftXMPPTests/Info.plist;
				LD_RUNPATH_SEARCH_PATHS = "$(inherited) @executable_path/Frameworks @loader_path/Frameworks";
				METAL_ENABLE_DEBUG_INFO = YES;
				PRODUCT_NAME = SwiftXMPPTests;
				TEST_HOST = "$(BUNDLE_LOADER)";
			};
			name = Debug;
		};
		42644F0F19471F0200852BEA /* Release */ = {
			isa = XCBuildConfiguration;
			buildSettings = {
				BUNDLE_LOADER = "$(BUILT_PRODUCTS_DIR)/SwiftXMPP.app/SwiftXMPP";
				FRAMEWORK_SEARCH_PATHS = (
					"$(SDKROOT)/Developer/Library/Frameworks",
					"$(inherited)",
				);
				INFOPLIST_FILE = SwiftXMPPTests/Info.plist;
				LD_RUNPATH_SEARCH_PATHS = "$(inherited) @executable_path/Frameworks @loader_path/Frameworks";
				METAL_ENABLE_DEBUG_INFO = NO;
				PRODUCT_NAME = SwiftXMPPTests;
				TEST_HOST = "$(BUNDLE_LOADER)";
			};
			name = Release;
		};
/* End XCBuildConfiguration section */

/* Begin XCConfigurationList section */
		42644EE919471F0200852BEA /* Build configuration list for PBXProject "SwiftXMPP" */ = {
			isa = XCConfigurationList;
			buildConfigurations = (
				42644F0819471F0200852BEA /* Debug */,
				42644F0919471F0200852BEA /* Release */,
			);
			defaultConfigurationIsVisible = 0;
			defaultConfigurationName = Release;
		};
		42644F0A19471F0200852BEA /* Build configuration list for PBXNativeTarget "SwiftXMPP" */ = {
			isa = XCConfigurationList;
			buildConfigurations = (
				42644F0B19471F0200852BEA /* Debug */,
				42644F0C19471F0200852BEA /* Release */,
			);
			defaultConfigurationIsVisible = 0;
			defaultConfigurationName = Release;
		};
		42644F0D19471F0200852BEA /* Build configuration list for PBXNativeTarget "SwiftXMPPTests" */ = {
			isa = XCConfigurationList;
			buildConfigurations = (
				42644F0E19471F0200852BEA /* Debug */,
				42644F0F19471F0200852BEA /* Release */,
			);
			defaultConfigurationIsVisible = 0;
			defaultConfigurationName = Release;
		};
/* End XCConfigurationList section */
	};
	rootObject = 42644EE619471F0200852BEA /* Project object */;
}
