// !$*UTF8*$!
{
	archiveVersion = 1;
	classes = {
	};
	objectVersion = 46;
	objects = {

/* Begin PBXBuildFile section */
		420F5F04194799560024DCA6 /* LoginViewController.swift in Sources */ = {isa = PBXBuildFile; fileRef = 420F5F03194799560024DCA6 /* LoginViewController.swift */; };
		42644EF419471F0200852BEA /* AppDelegate.swift in Sources */ = {isa = PBXBuildFile; fileRef = 42644EF319471F0200852BEA /* AppDelegate.swift */; };
		42644EF919471F0200852BEA /* Main.storyboard in Resources */ = {isa = PBXBuildFile; fileRef = 42644EF719471F0200852BEA /* Main.storyboard */; };
		42644EFB19471F0200852BEA /* Images.xcassets in Resources */ = {isa = PBXBuildFile; fileRef = 42644EFA19471F0200852BEA /* Images.xcassets */; };
		42644F0719471F0200852BEA /* SwiftXMPPTests.swift in Sources */ = {isa = PBXBuildFile; fileRef = 42644F0619471F0200852BEA /* SwiftXMPPTests.swift */; };
		42E2D5FE1947608600DE0EFF /* DDAbstractDatabaseLogger.m in Sources */ = {isa = PBXBuildFile; fileRef = 42E2D5EF1947608600DE0EFF /* DDAbstractDatabaseLogger.m */; };
		42E2D5FF1947608600DE0EFF /* DDASLLogger.m in Sources */ = {isa = PBXBuildFile; fileRef = 42E2D5F11947608600DE0EFF /* DDASLLogger.m */; };
		42E2D6001947608600DE0EFF /* DDFileLogger.m in Sources */ = {isa = PBXBuildFile; fileRef = 42E2D5F31947608600DE0EFF /* DDFileLogger.m */; };
		42E2D6011947608600DE0EFF /* DDLog.m in Sources */ = {isa = PBXBuildFile; fileRef = 42E2D5F51947608600DE0EFF /* DDLog.m */; };
		42E2D6021947608600DE0EFF /* DDTTYLogger.m in Sources */ = {isa = PBXBuildFile; fileRef = 42E2D5F71947608600DE0EFF /* DDTTYLogger.m */; };
		42E2D6031947608600DE0EFF /* ContextFilterLogFormatter.m in Sources */ = {isa = PBXBuildFile; fileRef = 42E2D5FA1947608600DE0EFF /* ContextFilterLogFormatter.m */; };
		42E2D6041947608600DE0EFF /* DispatchQueueLogFormatter.m in Sources */ = {isa = PBXBuildFile; fileRef = 42E2D5FC1947608600DE0EFF /* DispatchQueueLogFormatter.m */; };
		42E2D6051947608600DE0EFF /* README.txt in Resources */ = {isa = PBXBuildFile; fileRef = 42E2D5FD1947608600DE0EFF /* README.txt */; };
		42E2D6091947609C00DE0EFF /* GCDAsyncSocket.m in Sources */ = {isa = PBXBuildFile; fileRef = 42E2D6081947609C00DE0EFF /* GCDAsyncSocket.m */; };
		42E2D617194760C000DE0EFF /* NSString+DDXML.m in Sources */ = {isa = PBXBuildFile; fileRef = 42E2D60D194760C000DE0EFF /* NSString+DDXML.m */; };
		42E2D618194760C000DE0EFF /* DDXMLDocument.m in Sources */ = {isa = PBXBuildFile; fileRef = 42E2D610194760C000DE0EFF /* DDXMLDocument.m */; };
		42E2D619194760C000DE0EFF /* DDXMLElement.m in Sources */ = {isa = PBXBuildFile; fileRef = 42E2D612194760C000DE0EFF /* DDXMLElement.m */; };
		42E2D61A194760C000DE0EFF /* DDXMLNode.m in Sources */ = {isa = PBXBuildFile; fileRef = 42E2D614194760C000DE0EFF /* DDXMLNode.m */; };
		42E2D61E194761E900DE0EFF /* libidn.a in Frameworks */ = {isa = PBXBuildFile; fileRef = 42E2D61C194761E900DE0EFF /* libidn.a */; };
		42E2D663194762AA00DE0EFF /* XMPPAnonymousAuthentication.m in Sources */ = {isa = PBXBuildFile; fileRef = 42E2D624194762AA00DE0EFF /* XMPPAnonymousAuthentication.m */; };
		42E2D664194762AA00DE0EFF /* XMPPDeprecatedDigestAuthentication.m in Sources */ = {isa = PBXBuildFile; fileRef = 42E2D627194762AA00DE0EFF /* XMPPDeprecatedDigestAuthentication.m */; };
		42E2D665194762AA00DE0EFF /* XMPPDeprecatedPlainAuthentication.m in Sources */ = {isa = PBXBuildFile; fileRef = 42E2D62A194762AA00DE0EFF /* XMPPDeprecatedPlainAuthentication.m */; };
		42E2D666194762AA00DE0EFF /* XMPPDigestMD5Authentication.m in Sources */ = {isa = PBXBuildFile; fileRef = 42E2D62D194762AA00DE0EFF /* XMPPDigestMD5Authentication.m */; };
		42E2D667194762AA00DE0EFF /* XMPPPlainAuthentication.m in Sources */ = {isa = PBXBuildFile; fileRef = 42E2D630194762AA00DE0EFF /* XMPPPlainAuthentication.m */; };
		42E2D668194762AA00DE0EFF /* XMPPSCRAMSHA1Authentication.m in Sources */ = {isa = PBXBuildFile; fileRef = 42E2D633194762AA00DE0EFF /* XMPPSCRAMSHA1Authentication.m */; };
		42E2D669194762AA00DE0EFF /* XMPPXFacebookPlatformAuthentication.m in Sources */ = {isa = PBXBuildFile; fileRef = 42E2D636194762AA00DE0EFF /* XMPPXFacebookPlatformAuthentication.m */; };
		42E2D66A194762AA00DE0EFF /* XMPPXOAuth2Google.m in Sources */ = {isa = PBXBuildFile; fileRef = 42E2D639194762AA00DE0EFF /* XMPPXOAuth2Google.m */; };
		42E2D66B194762AA00DE0EFF /* NSData+XMPP.m in Sources */ = {isa = PBXBuildFile; fileRef = 42E2D63D194762AA00DE0EFF /* NSData+XMPP.m */; };
		42E2D66C194762AA00DE0EFF /* NSNumber+XMPP.m in Sources */ = {isa = PBXBuildFile; fileRef = 42E2D63F194762AA00DE0EFF /* NSNumber+XMPP.m */; };
		42E2D66D194762AA00DE0EFF /* NSXMLElement+XMPP.m in Sources */ = {isa = PBXBuildFile; fileRef = 42E2D641194762AA00DE0EFF /* NSXMLElement+XMPP.m */; };
		42E2D66E194762AA00DE0EFF /* XMPPElement.m in Sources */ = {isa = PBXBuildFile; fileRef = 42E2D645194762AA00DE0EFF /* XMPPElement.m */; };
		42E2D66F194762AA00DE0EFF /* XMPPIQ.m in Sources */ = {isa = PBXBuildFile; fileRef = 42E2D648194762AA00DE0EFF /* XMPPIQ.m */; };
		42E2D670194762AA00DE0EFF /* XMPPJID.m in Sources */ = {isa = PBXBuildFile; fileRef = 42E2D64A194762AA00DE0EFF /* XMPPJID.m */; };
		42E2D671194762AA00DE0EFF /* XMPPMessage.m in Sources */ = {isa = PBXBuildFile; fileRef = 42E2D64D194762AA00DE0EFF /* XMPPMessage.m */; };
		42E2D672194762AA00DE0EFF /* XMPPModule.m in Sources */ = {isa = PBXBuildFile; fileRef = 42E2D64F194762AA00DE0EFF /* XMPPModule.m */; };
		42E2D673194762AA00DE0EFF /* XMPPParser.m in Sources */ = {isa = PBXBuildFile; fileRef = 42E2D651194762AA00DE0EFF /* XMPPParser.m */; };
		42E2D674194762AA00DE0EFF /* XMPPPresence.m in Sources */ = {isa = PBXBuildFile; fileRef = 42E2D653194762AA00DE0EFF /* XMPPPresence.m */; };
		42E2D675194762AA00DE0EFF /* XMPPStream.m in Sources */ = {isa = PBXBuildFile; fileRef = 42E2D655194762AA00DE0EFF /* XMPPStream.m */; };
		42E2D676194762AA00DE0EFF /* DDList.m in Sources */ = {isa = PBXBuildFile; fileRef = 42E2D658194762AA00DE0EFF /* DDList.m */; };
		42E2D677194762AA00DE0EFF /* GCDMulticastDelegate.m in Sources */ = {isa = PBXBuildFile; fileRef = 42E2D65A194762AA00DE0EFF /* GCDMulticastDelegate.m */; };
		42E2D678194762AA00DE0EFF /* RFImageToDataTransformer.m in Sources */ = {isa = PBXBuildFile; fileRef = 42E2D65C194762AA00DE0EFF /* RFImageToDataTransformer.m */; };
		42E2D679194762AA00DE0EFF /* XMPPIDTracker.m in Sources */ = {isa = PBXBuildFile; fileRef = 42E2D65E194762AA00DE0EFF /* XMPPIDTracker.m */; };
		42E2D67A194762AA00DE0EFF /* XMPPSRVResolver.m in Sources */ = {isa = PBXBuildFile; fileRef = 42E2D660194762AA00DE0EFF /* XMPPSRVResolver.m */; };
		42E2D67B194762AA00DE0EFF /* XMPPStringPrep.m in Sources */ = {isa = PBXBuildFile; fileRef = 42E2D662194762AA00DE0EFF /* XMPPStringPrep.m */; };
		42E2D67E194762F100DE0EFF /* libresolv.dylib in Frameworks */ = {isa = PBXBuildFile; fileRef = 42E2D67D194762F100DE0EFF /* libresolv.dylib */; };
		42E2D6801947646700DE0EFF /* BuddyListViewController.swift in Sources */ = {isa = PBXBuildFile; fileRef = 42E2D67F1947646700DE0EFF /* BuddyListViewController.swift */; };
		42E2D682194764B600DE0EFF /* ChatDelegate.swift in Sources */ = {isa = PBXBuildFile; fileRef = 42E2D681194764B600DE0EFF /* ChatDelegate.swift */; };
		42E2D6841947685D00DE0EFF /* MessageDelegate.swift in Sources */ = {isa = PBXBuildFile; fileRef = 42E2D6831947685D00DE0EFF /* MessageDelegate.swift */; };
		42E2D6861947701000DE0EFF /* ChatViewController.swift in Sources */ = {isa = PBXBuildFile; fileRef = 42E2D6851947701000DE0EFF /* ChatViewController.swift */; };
/* End PBXBuildFile section */

/* Begin PBXContainerItemProxy section */
		42644F0119471F0200852BEA /* PBXContainerItemProxy */ = {
			isa = PBXContainerItemProxy;
			containerPortal = 42644EE619471F0200852BEA /* Project object */;
			proxyType = 1;
			remoteGlobalIDString = 42644EED19471F0200852BEA;
			remoteInfo = SwiftXMPP;
		};
/* End PBXContainerItemProxy section */

/* Begin PBXFileReference section */
		420F5F03194799560024DCA6 /* LoginViewController.swift */ = {isa = PBXFileReference; fileEncoding = 4; lastKnownFileType = sourcecode.swift; path = LoginViewController.swift; sourceTree = "<group>"; };
		42644EEE19471F0200852BEA /* SwiftXMPP.app */ = {isa = PBXFileReference; explicitFileType = wrapper.application; includeInIndex = 0; path = SwiftXMPP.app; sourceTree = BUILT_PRODUCTS_DIR; };
		42644EF219471F0200852BEA /* Info.plist */ = {isa = PBXFileReference; lastKnownFileType = text.plist.xml; path = Info.plist; sourceTree = "<group>"; };
		42644EF319471F0200852BEA /* AppDelegate.swift */ = {isa = PBXFileReference; lastKnownFileType = sourcecode.swift; path = AppDelegate.swift; sourceTree = "<group>"; };
		42644EF819471F0200852BEA /* Base */ = {isa = PBXFileReference; lastKnownFileType = file.storyboard; name = Base; path = Base.lproj/Main.storyboard; sourceTree = "<group>"; };
		42644EFA19471F0200852BEA /* Images.xcassets */ = {isa = PBXFileReference; lastKnownFileType = folder.assetcatalog; path = Images.xcassets; sourceTree = "<group>"; };
		42644F0019471F0200852BEA /* SwiftXMPPTests.xctest */ = {isa = PBXFileReference; explicitFileType = wrapper.cfbundle; includeInIndex = 0; path = SwiftXMPPTests.xctest; sourceTree = BUILT_PRODUCTS_DIR; };
		42644F0519471F0200852BEA /* Info.plist */ = {isa = PBXFileReference; lastKnownFileType = text.plist.xml; path = Info.plist; sourceTree = "<group>"; };
		42644F0619471F0200852BEA /* SwiftXMPPTests.swift */ = {isa = PBXFileReference; lastKnownFileType = sourcecode.swift; path = SwiftXMPPTests.swift; sourceTree = "<group>"; };
		42A54DEB1947514C00EE0429 /* SwiftXMPP-Bridging-Header.h */ = {isa = PBXFileReference; lastKnownFileType = sourcecode.c.h; path = "SwiftXMPP-Bridging-Header.h"; sourceTree = "<group>"; };
		42E2D5EE1947608600DE0EFF /* DDAbstractDatabaseLogger.h */ = {isa = PBXFileReference; fileEncoding = 4; lastKnownFileType = sourcecode.c.h; path = DDAbstractDatabaseLogger.h; sourceTree = "<group>"; };
		42E2D5EF1947608600DE0EFF /* DDAbstractDatabaseLogger.m */ = {isa = PBXFileReference; fileEncoding = 4; lastKnownFileType = sourcecode.c.objc; path = DDAbstractDatabaseLogger.m; sourceTree = "<group>"; };
		42E2D5F01947608600DE0EFF /* DDASLLogger.h */ = {isa = PBXFileReference; fileEncoding = 4; lastKnownFileType = sourcecode.c.h; path = DDASLLogger.h; sourceTree = "<group>"; };
		42E2D5F11947608600DE0EFF /* DDASLLogger.m */ = {isa = PBXFileReference; fileEncoding = 4; lastKnownFileType = sourcecode.c.objc; path = DDASLLogger.m; sourceTree = "<group>"; };
		42E2D5F21947608600DE0EFF /* DDFileLogger.h */ = {isa = PBXFileReference; fileEncoding = 4; lastKnownFileType = sourcecode.c.h; path = DDFileLogger.h; sourceTree = "<group>"; };
		42E2D5F31947608600DE0EFF /* DDFileLogger.m */ = {isa = PBXFileReference; fileEncoding = 4; lastKnownFileType = sourcecode.c.objc; path = DDFileLogger.m; sourceTree = "<group>"; };
		42E2D5F41947608600DE0EFF /* DDLog.h */ = {isa = PBXFileReference; fileEncoding = 4; lastKnownFileType = sourcecode.c.h; path = DDLog.h; sourceTree = "<group>"; };
		42E2D5F51947608600DE0EFF /* DDLog.m */ = {isa = PBXFileReference; fileEncoding = 4; lastKnownFileType = sourcecode.c.objc; path = DDLog.m; sourceTree = "<group>"; };
		42E2D5F61947608600DE0EFF /* DDTTYLogger.h */ = {isa = PBXFileReference; fileEncoding = 4; lastKnownFileType = sourcecode.c.h; path = DDTTYLogger.h; sourceTree = "<group>"; };
		42E2D5F71947608600DE0EFF /* DDTTYLogger.m */ = {isa = PBXFileReference; fileEncoding = 4; lastKnownFileType = sourcecode.c.objc; path = DDTTYLogger.m; sourceTree = "<group>"; };
		42E2D5F91947608600DE0EFF /* ContextFilterLogFormatter.h */ = {isa = PBXFileReference; fileEncoding = 4; lastKnownFileType = sourcecode.c.h; path = ContextFilterLogFormatter.h; sourceTree = "<group>"; };
		42E2D5FA1947608600DE0EFF /* ContextFilterLogFormatter.m */ = {isa = PBXFileReference; fileEncoding = 4; lastKnownFileType = sourcecode.c.objc; path = ContextFilterLogFormatter.m; sourceTree = "<group>"; };
		42E2D5FB1947608600DE0EFF /* DispatchQueueLogFormatter.h */ = {isa = PBXFileReference; fileEncoding = 4; lastKnownFileType = sourcecode.c.h; path = DispatchQueueLogFormatter.h; sourceTree = "<group>"; };
		42E2D5FC1947608600DE0EFF /* DispatchQueueLogFormatter.m */ = {isa = PBXFileReference; fileEncoding = 4; lastKnownFileType = sourcecode.c.objc; path = DispatchQueueLogFormatter.m; sourceTree = "<group>"; };
		42E2D5FD1947608600DE0EFF /* README.txt */ = {isa = PBXFileReference; fileEncoding = 4; lastKnownFileType = text; path = README.txt; sourceTree = "<group>"; };
		42E2D6071947609C00DE0EFF /* GCDAsyncSocket.h */ = {isa = PBXFileReference; fileEncoding = 4; lastKnownFileType = sourcecode.c.h; path = GCDAsyncSocket.h; sourceTree = "<group>"; };
		42E2D6081947609C00DE0EFF /* GCDAsyncSocket.m */ = {isa = PBXFileReference; fileEncoding = 4; lastKnownFileType = sourcecode.c.objc; path = GCDAsyncSocket.m; sourceTree = "<group>"; };
		42E2D60C194760C000DE0EFF /* NSString+DDXML.h */ = {isa = PBXFileReference; fileEncoding = 4; lastKnownFileType = sourcecode.c.h; path = "NSString+DDXML.h"; sourceTree = "<group>"; };
		42E2D60D194760C000DE0EFF /* NSString+DDXML.m */ = {isa = PBXFileReference; fileEncoding = 4; lastKnownFileType = sourcecode.c.objc; path = "NSString+DDXML.m"; sourceTree = "<group>"; };
		42E2D60E194760C000DE0EFF /* DDXML.h */ = {isa = PBXFileReference; fileEncoding = 4; lastKnownFileType = sourcecode.c.h; path = DDXML.h; sourceTree = "<group>"; };
		42E2D60F194760C000DE0EFF /* DDXMLDocument.h */ = {isa = PBXFileReference; fileEncoding = 4; lastKnownFileType = sourcecode.c.h; path = DDXMLDocument.h; sourceTree = "<group>"; };
		42E2D610194760C000DE0EFF /* DDXMLDocument.m */ = {isa = PBXFileReference; fileEncoding = 4; lastKnownFileType = sourcecode.c.objc; path = DDXMLDocument.m; sourceTree = "<group>"; };
		42E2D611194760C000DE0EFF /* DDXMLElement.h */ = {isa = PBXFileReference; fileEncoding = 4; lastKnownFileType = sourcecode.c.h; path = DDXMLElement.h; sourceTree = "<group>"; };
		42E2D612194760C000DE0EFF /* DDXMLElement.m */ = {isa = PBXFileReference; fileEncoding = 4; lastKnownFileType = sourcecode.c.objc; path = DDXMLElement.m; sourceTree = "<group>"; };
		42E2D613194760C000DE0EFF /* DDXMLNode.h */ = {isa = PBXFileReference; fileEncoding = 4; lastKnownFileType = sourcecode.c.h; path = DDXMLNode.h; sourceTree = "<group>"; };
		42E2D614194760C000DE0EFF /* DDXMLNode.m */ = {isa = PBXFileReference; fileEncoding = 4; lastKnownFileType = sourcecode.c.objc; path = DDXMLNode.m; sourceTree = "<group>"; };
		42E2D616194760C000DE0EFF /* DDXMLPrivate.h */ = {isa = PBXFileReference; fileEncoding = 4; lastKnownFileType = sourcecode.c.h; path = DDXMLPrivate.h; sourceTree = "<group>"; };
		42E2D61B194761E900DE0EFF /* idn-int.h */ = {isa = PBXFileReference; fileEncoding = 4; lastKnownFileType = sourcecode.c.h; path = "idn-int.h"; sourceTree = "<group>"; };
		42E2D61C194761E900DE0EFF /* libidn.a */ = {isa = PBXFileReference; lastKnownFileType = archive.ar; path = libidn.a; sourceTree = "<group>"; };
		42E2D61D194761E900DE0EFF /* stringprep.h */ = {isa = PBXFileReference; fileEncoding = 4; lastKnownFileType = sourcecode.c.h; path = stringprep.h; sourceTree = "<group>"; };
		42E2D623194762AA00DE0EFF /* XMPPAnonymousAuthentication.h */ = {isa = PBXFileReference; fileEncoding = 4; lastKnownFileType = sourcecode.c.h; path = XMPPAnonymousAuthentication.h; sourceTree = "<group>"; };
		42E2D624194762AA00DE0EFF /* XMPPAnonymousAuthentication.m */ = {isa = PBXFileReference; fileEncoding = 4; lastKnownFileType = sourcecode.c.objc; path = XMPPAnonymousAuthentication.m; sourceTree = "<group>"; };
		42E2D626194762AA00DE0EFF /* XMPPDeprecatedDigestAuthentication.h */ = {isa = PBXFileReference; fileEncoding = 4; lastKnownFileType = sourcecode.c.h; path = XMPPDeprecatedDigestAuthentication.h; sourceTree = "<group>"; };
		42E2D627194762AA00DE0EFF /* XMPPDeprecatedDigestAuthentication.m */ = {isa = PBXFileReference; fileEncoding = 4; lastKnownFileType = sourcecode.c.objc; path = XMPPDeprecatedDigestAuthentication.m; sourceTree = "<group>"; };
		42E2D629194762AA00DE0EFF /* XMPPDeprecatedPlainAuthentication.h */ = {isa = PBXFileReference; fileEncoding = 4; lastKnownFileType = sourcecode.c.h; path = XMPPDeprecatedPlainAuthentication.h; sourceTree = "<group>"; };
		42E2D62A194762AA00DE0EFF /* XMPPDeprecatedPlainAuthentication.m */ = {isa = PBXFileReference; fileEncoding = 4; lastKnownFileType = sourcecode.c.objc; path = XMPPDeprecatedPlainAuthentication.m; sourceTree = "<group>"; };
		42E2D62C194762AA00DE0EFF /* XMPPDigestMD5Authentication.h */ = {isa = PBXFileReference; fileEncoding = 4; lastKnownFileType = sourcecode.c.h; path = XMPPDigestMD5Authentication.h; sourceTree = "<group>"; };
		42E2D62D194762AA00DE0EFF /* XMPPDigestMD5Authentication.m */ = {isa = PBXFileReference; fileEncoding = 4; lastKnownFileType = sourcecode.c.objc; path = XMPPDigestMD5Authentication.m; sourceTree = "<group>"; };
		42E2D62F194762AA00DE0EFF /* XMPPPlainAuthentication.h */ = {isa = PBXFileReference; fileEncoding = 4; lastKnownFileType = sourcecode.c.h; path = XMPPPlainAuthentication.h; sourceTree = "<group>"; };
		42E2D630194762AA00DE0EFF /* XMPPPlainAuthentication.m */ = {isa = PBXFileReference; fileEncoding = 4; lastKnownFileType = sourcecode.c.objc; path = XMPPPlainAuthentication.m; sourceTree = "<group>"; };
		42E2D632194762AA00DE0EFF /* XMPPSCRAMSHA1Authentication.h */ = {isa = PBXFileReference; fileEncoding = 4; lastKnownFileType = sourcecode.c.h; path = XMPPSCRAMSHA1Authentication.h; sourceTree = "<group>"; };
		42E2D633194762AA00DE0EFF /* XMPPSCRAMSHA1Authentication.m */ = {isa = PBXFileReference; fileEncoding = 4; lastKnownFileType = sourcecode.c.objc; path = XMPPSCRAMSHA1Authentication.m; sourceTree = "<group>"; };
		42E2D635194762AA00DE0EFF /* XMPPXFacebookPlatformAuthentication.h */ = {isa = PBXFileReference; fileEncoding = 4; lastKnownFileType = sourcecode.c.h; path = XMPPXFacebookPlatformAuthentication.h; sourceTree = "<group>"; };
		42E2D636194762AA00DE0EFF /* XMPPXFacebookPlatformAuthentication.m */ = {isa = PBXFileReference; fileEncoding = 4; lastKnownFileType = sourcecode.c.objc; path = XMPPXFacebookPlatformAuthentication.m; sourceTree = "<group>"; };
		42E2D638194762AA00DE0EFF /* XMPPXOAuth2Google.h */ = {isa = PBXFileReference; fileEncoding = 4; lastKnownFileType = sourcecode.c.h; path = XMPPXOAuth2Google.h; sourceTree = "<group>"; };
		42E2D639194762AA00DE0EFF /* XMPPXOAuth2Google.m */ = {isa = PBXFileReference; fileEncoding = 4; lastKnownFileType = sourcecode.c.objc; path = XMPPXOAuth2Google.m; sourceTree = "<group>"; };
		42E2D63A194762AA00DE0EFF /* XMPPSASLAuthentication.h */ = {isa = PBXFileReference; fileEncoding = 4; lastKnownFileType = sourcecode.c.h; path = XMPPSASLAuthentication.h; sourceTree = "<group>"; };
		42E2D63C194762AA00DE0EFF /* NSData+XMPP.h */ = {isa = PBXFileReference; fileEncoding = 4; lastKnownFileType = sourcecode.c.h; path = "NSData+XMPP.h"; sourceTree = "<group>"; };
		42E2D63D194762AA00DE0EFF /* NSData+XMPP.m */ = {isa = PBXFileReference; fileEncoding = 4; lastKnownFileType = sourcecode.c.objc; path = "NSData+XMPP.m"; sourceTree = "<group>"; };
		42E2D63E194762AA00DE0EFF /* NSNumber+XMPP.h */ = {isa = PBXFileReference; fileEncoding = 4; lastKnownFileType = sourcecode.c.h; path = "NSNumber+XMPP.h"; sourceTree = "<group>"; };
		42E2D63F194762AA00DE0EFF /* NSNumber+XMPP.m */ = {isa = PBXFileReference; fileEncoding = 4; lastKnownFileType = sourcecode.c.objc; path = "NSNumber+XMPP.m"; sourceTree = "<group>"; };
		42E2D640194762AA00DE0EFF /* NSXMLElement+XMPP.h */ = {isa = PBXFileReference; fileEncoding = 4; lastKnownFileType = sourcecode.c.h; path = "NSXMLElement+XMPP.h"; sourceTree = "<group>"; };
		42E2D641194762AA00DE0EFF /* NSXMLElement+XMPP.m */ = {isa = PBXFileReference; fileEncoding = 4; lastKnownFileType = sourcecode.c.objc; path = "NSXMLElement+XMPP.m"; sourceTree = "<group>"; };
		42E2D643194762AA00DE0EFF /* XMPP.h */ = {isa = PBXFileReference; fileEncoding = 4; lastKnownFileType = sourcecode.c.h; path = XMPP.h; sourceTree = "<group>"; };
		42E2D644194762AA00DE0EFF /* XMPPElement.h */ = {isa = PBXFileReference; fileEncoding = 4; lastKnownFileType = sourcecode.c.h; path = XMPPElement.h; sourceTree = "<group>"; };
		42E2D645194762AA00DE0EFF /* XMPPElement.m */ = {isa = PBXFileReference; fileEncoding = 4; lastKnownFileType = sourcecode.c.objc; path = XMPPElement.m; sourceTree = "<group>"; };
		42E2D646194762AA00DE0EFF /* XMPPInternal.h */ = {isa = PBXFileReference; fileEncoding = 4; lastKnownFileType = sourcecode.c.h; path = XMPPInternal.h; sourceTree = "<group>"; };
		42E2D647194762AA00DE0EFF /* XMPPIQ.h */ = {isa = PBXFileReference; fileEncoding = 4; lastKnownFileType = sourcecode.c.h; path = XMPPIQ.h; sourceTree = "<group>"; };
		42E2D648194762AA00DE0EFF /* XMPPIQ.m */ = {isa = PBXFileReference; fileEncoding = 4; lastKnownFileType = sourcecode.c.objc; path = XMPPIQ.m; sourceTree = "<group>"; };
		42E2D649194762AA00DE0EFF /* XMPPJID.h */ = {isa = PBXFileReference; fileEncoding = 4; lastKnownFileType = sourcecode.c.h; path = XMPPJID.h; sourceTree = "<group>"; };
		42E2D64A194762AA00DE0EFF /* XMPPJID.m */ = {isa = PBXFileReference; fileEncoding = 4; lastKnownFileType = sourcecode.c.objc; path = XMPPJID.m; sourceTree = "<group>"; };
		42E2D64B194762AA00DE0EFF /* XMPPLogging.h */ = {isa = PBXFileReference; fileEncoding = 4; lastKnownFileType = sourcecode.c.h; path = XMPPLogging.h; sourceTree = "<group>"; };
		42E2D64C194762AA00DE0EFF /* XMPPMessage.h */ = {isa = PBXFileReference; fileEncoding = 4; lastKnownFileType = sourcecode.c.h; path = XMPPMessage.h; sourceTree = "<group>"; };
		42E2D64D194762AA00DE0EFF /* XMPPMessage.m */ = {isa = PBXFileReference; fileEncoding = 4; lastKnownFileType = sourcecode.c.objc; path = XMPPMessage.m; sourceTree = "<group>"; };
		42E2D64E194762AA00DE0EFF /* XMPPModule.h */ = {isa = PBXFileReference; fileEncoding = 4; lastKnownFileType = sourcecode.c.h; path = XMPPModule.h; sourceTree = "<group>"; };
		42E2D64F194762AA00DE0EFF /* XMPPModule.m */ = {isa = PBXFileReference; fileEncoding = 4; lastKnownFileType = sourcecode.c.objc; path = XMPPModule.m; sourceTree = "<group>"; };
		42E2D650194762AA00DE0EFF /* XMPPParser.h */ = {isa = PBXFileReference; fileEncoding = 4; lastKnownFileType = sourcecode.c.h; path = XMPPParser.h; sourceTree = "<group>"; };
		42E2D651194762AA00DE0EFF /* XMPPParser.m */ = {isa = PBXFileReference; fileEncoding = 4; lastKnownFileType = sourcecode.c.objc; path = XMPPParser.m; sourceTree = "<group>"; };
		42E2D652194762AA00DE0EFF /* XMPPPresence.h */ = {isa = PBXFileReference; fileEncoding = 4; lastKnownFileType = sourcecode.c.h; path = XMPPPresence.h; sourceTree = "<group>"; };
		42E2D653194762AA00DE0EFF /* XMPPPresence.m */ = {isa = PBXFileReference; fileEncoding = 4; lastKnownFileType = sourcecode.c.objc; path = XMPPPresence.m; sourceTree = "<group>"; };
		42E2D654194762AA00DE0EFF /* XMPPStream.h */ = {isa = PBXFileReference; fileEncoding = 4; lastKnownFileType = sourcecode.c.h; path = XMPPStream.h; sourceTree = "<group>"; };
		42E2D655194762AA00DE0EFF /* XMPPStream.m */ = {isa = PBXFileReference; fileEncoding = 4; lastKnownFileType = sourcecode.c.objc; path = XMPPStream.m; sourceTree = "<group>"; };
		42E2D657194762AA00DE0EFF /* DDList.h */ = {isa = PBXFileReference; fileEncoding = 4; lastKnownFileType = sourcecode.c.h; path = DDList.h; sourceTree = "<group>"; };
		42E2D658194762AA00DE0EFF /* DDList.m */ = {isa = PBXFileReference; fileEncoding = 4; lastKnownFileType = sourcecode.c.objc; path = DDList.m; sourceTree = "<group>"; };
		42E2D659194762AA00DE0EFF /* GCDMulticastDelegate.h */ = {isa = PBXFileReference; fileEncoding = 4; lastKnownFileType = sourcecode.c.h; path = GCDMulticastDelegate.h; sourceTree = "<group>"; };
		42E2D65A194762AA00DE0EFF /* GCDMulticastDelegate.m */ = {isa = PBXFileReference; fileEncoding = 4; lastKnownFileType = sourcecode.c.objc; path = GCDMulticastDelegate.m; sourceTree = "<group>"; };
		42E2D65B194762AA00DE0EFF /* RFImageToDataTransformer.h */ = {isa = PBXFileReference; fileEncoding = 4; lastKnownFileType = sourcecode.c.h; path = RFImageToDataTransformer.h; sourceTree = "<group>"; };
		42E2D65C194762AA00DE0EFF /* RFImageToDataTransformer.m */ = {isa = PBXFileReference; fileEncoding = 4; lastKnownFileType = sourcecode.c.objc; path = RFImageToDataTransformer.m; sourceTree = "<group>"; };
		42E2D65D194762AA00DE0EFF /* XMPPIDTracker.h */ = {isa = PBXFileReference; fileEncoding = 4; lastKnownFileType = sourcecode.c.h; path = XMPPIDTracker.h; sourceTree = "<group>"; };
		42E2D65E194762AA00DE0EFF /* XMPPIDTracker.m */ = {isa = PBXFileReference; fileEncoding = 4; lastKnownFileType = sourcecode.c.objc; path = XMPPIDTracker.m; sourceTree = "<group>"; };
		42E2D65F194762AA00DE0EFF /* XMPPSRVResolver.h */ = {isa = PBXFileReference; fileEncoding = 4; lastKnownFileType = sourcecode.c.h; path = XMPPSRVResolver.h; sourceTree = "<group>"; };
		42E2D660194762AA00DE0EFF /* XMPPSRVResolver.m */ = {isa = PBXFileReference; fileEncoding = 4; lastKnownFileType = sourcecode.c.objc; path = XMPPSRVResolver.m; sourceTree = "<group>"; };
		42E2D661194762AA00DE0EFF /* XMPPStringPrep.h */ = {isa = PBXFileReference; fileEncoding = 4; lastKnownFileType = sourcecode.c.h; path = XMPPStringPrep.h; sourceTree = "<group>"; };
		42E2D662194762AA00DE0EFF /* XMPPStringPrep.m */ = {isa = PBXFileReference; fileEncoding = 4; lastKnownFileType = sourcecode.c.objc; path = XMPPStringPrep.m; sourceTree = "<group>"; };
		42E2D67D194762F100DE0EFF /* libresolv.dylib */ = {isa = PBXFileReference; lastKnownFileType = "compiled.mach-o.dylib"; name = libresolv.dylib; path = usr/lib/libresolv.dylib; sourceTree = SDKROOT; };
		42E2D67F1947646700DE0EFF /* BuddyListViewController.swift */ = {isa = PBXFileReference; fileEncoding = 4; lastKnownFileType = sourcecode.swift; path = BuddyListViewController.swift; sourceTree = "<group>"; };
		42E2D681194764B600DE0EFF /* ChatDelegate.swift */ = {isa = PBXFileReference; fileEncoding = 4; lastKnownFileType = sourcecode.swift; path = ChatDelegate.swift; sourceTree = "<group>"; };
		42E2D6831947685D00DE0EFF /* MessageDelegate.swift */ = {isa = PBXFileReference; fileEncoding = 4; lastKnownFileType = sourcecode.swift; path = MessageDelegate.swift; sourceTree = "<group>"; };
		42E2D6851947701000DE0EFF /* ChatViewController.swift */ = {isa = PBXFileReference; fileEncoding = 4; lastKnownFileType = sourcecode.swift; path = ChatViewController.swift; sourceTree = "<group>"; };
		42EE7ED919498AB100FA04FD /* SwiftTests.playground */ = {isa = PBXFileReference; lastKnownFileType = file.playground; path = SwiftTests.playground; sourceTree = SOURCE_ROOT; };
/* End PBXFileReference section */

/* Begin PBXFrameworksBuildPhase section */
		42644EEB19471F0200852BEA /* Frameworks */ = {
			isa = PBXFrameworksBuildPhase;
			buildActionMask = 2147483647;
			files = (
				42E2D67E194762F100DE0EFF /* libresolv.dylib in Frameworks */,
				42E2D61E194761E900DE0EFF /* libidn.a in Frameworks */,
			);
			runOnlyForDeploymentPostprocessing = 0;
		};
		42644EFD19471F0200852BEA /* Frameworks */ = {
			isa = PBXFrameworksBuildPhase;
			buildActionMask = 2147483647;
			files = (
			);
			runOnlyForDeploymentPostprocessing = 0;
		};
/* End PBXFrameworksBuildPhase section */

/* Begin PBXGroup section */
		42644EE519471F0200852BEA = {
			isa = PBXGroup;
			children = (
				42644EF019471F0200852BEA /* SwiftXMPP */,
				42644F0319471F0200852BEA /* SwiftXMPPTests */,
				42E2D5E819475F7D00DE0EFF /* Frameworks */,
				42644EEF19471F0200852BEA /* Products */,
			);
			sourceTree = "<group>";
		};
		42644EEF19471F0200852BEA /* Products */ = {
			isa = PBXGroup;
			children = (
				42644EEE19471F0200852BEA /* SwiftXMPP.app */,
				42644F0019471F0200852BEA /* SwiftXMPPTests.xctest */,
			);
			name = Products;
			sourceTree = "<group>";
		};
		42644EF019471F0200852BEA /* SwiftXMPP */ = {
			isa = PBXGroup;
			children = (
				42644EF319471F0200852BEA /* AppDelegate.swift */,
				42E2D67F1947646700DE0EFF /* BuddyListViewController.swift */,
				420F5F03194799560024DCA6 /* LoginViewController.swift */,
				42E2D6851947701000DE0EFF /* ChatViewController.swift */,
				42E2D681194764B600DE0EFF /* ChatDelegate.swift */,
				42E2D6831947685D00DE0EFF /* MessageDelegate.swift */,
				42644EF719471F0200852BEA /* Main.storyboard */,
				42644EFA19471F0200852BEA /* Images.xcassets */,
				42A54DEB1947514C00EE0429 /* SwiftXMPP-Bridging-Header.h */,
				42644EF119471F0200852BEA /* Supporting Files */,
				42EE7ED919498AB100FA04FD /* SwiftTests.playground */,
			);
			name = SwiftXMPP;
			path = SwiftXMPP;
			sourceTree = "<group>";
		};
		42644EF119471F0200852BEA /* Supporting Files */ = {
			isa = PBXGroup;
			children = (
				42644EF219471F0200852BEA /* Info.plist */,
			);
			name = "Supporting Files";
			sourceTree = "<group>";
		};
		42644F0319471F0200852BEA /* SwiftXMPPTests */ = {
			isa = PBXGroup;
			children = (
				42644F0619471F0200852BEA /* SwiftXMPPTests.swift */,
				42644F0419471F0200852BEA /* Supporting Files */,
			);
			name = SwiftXMPPTests;
			path = SwiftXMPPTests;
			sourceTree = "<group>";
		};
		42644F0419471F0200852BEA /* Supporting Files */ = {
			isa = PBXGroup;
			children = (
				42644F0519471F0200852BEA /* Info.plist */,
			);
			name = "Supporting Files";
			sourceTree = "<group>";
		};
		42E2D5E819475F7D00DE0EFF /* Frameworks */ = {
			isa = PBXGroup;
			children = (
				42E2D67D194762F100DE0EFF /* libresolv.dylib */,
				42E2D67C194762AE00DE0EFF /* XMPP */,
				42E2D620194761F300DE0EFF /* libidn */,
				42E2D60A194760C000DE0EFF /* KissXML */,
				42E2D6061947609C00DE0EFF /* CocoaAsyncSocket */,
				42E2D5ED1947608600DE0EFF /* CocoaLumberjack */,
			);
			name = Frameworks;
			sourceTree = "<group>";
		};
		42E2D5ED1947608600DE0EFF /* CocoaLumberjack */ = {
			isa = PBXGroup;
			children = (
				42E2D5EE1947608600DE0EFF /* DDAbstractDatabaseLogger.h */,
				42E2D5EF1947608600DE0EFF /* DDAbstractDatabaseLogger.m */,
				42E2D5F01947608600DE0EFF /* DDASLLogger.h */,
				42E2D5F11947608600DE0EFF /* DDASLLogger.m */,
				42E2D5F21947608600DE0EFF /* DDFileLogger.h */,
				42E2D5F31947608600DE0EFF /* DDFileLogger.m */,
				42E2D5F41947608600DE0EFF /* DDLog.h */,
				42E2D5F51947608600DE0EFF /* DDLog.m */,
				42E2D5F61947608600DE0EFF /* DDTTYLogger.h */,
				42E2D5F71947608600DE0EFF /* DDTTYLogger.m */,
				42E2D5F81947608600DE0EFF /* Extensions */,
			);
			path = CocoaLumberjack;
			sourceTree = "<group>";
		};
		42E2D5F81947608600DE0EFF /* Extensions */ = {
			isa = PBXGroup;
			children = (
				42E2D5F91947608600DE0EFF /* ContextFilterLogFormatter.h */,
				42E2D5FA1947608600DE0EFF /* ContextFilterLogFormatter.m */,
				42E2D5FB1947608600DE0EFF /* DispatchQueueLogFormatter.h */,
				42E2D5FC1947608600DE0EFF /* DispatchQueueLogFormatter.m */,
				42E2D5FD1947608600DE0EFF /* README.txt */,
			);
			path = Extensions;
			sourceTree = "<group>";
		};
		42E2D6061947609C00DE0EFF /* CocoaAsyncSocket */ = {
			isa = PBXGroup;
			children = (
				42E2D6071947609C00DE0EFF /* GCDAsyncSocket.h */,
				42E2D6081947609C00DE0EFF /* GCDAsyncSocket.m */,
			);
			name = CocoaAsyncSocket;
			path = CocoaLumberjack/CocoaAsyncSocket;
			sourceTree = "<group>";
		};
		42E2D60A194760C000DE0EFF /* KissXML */ = {
			isa = PBXGroup;
			children = (
				42E2D60B194760C000DE0EFF /* Categories */,
				42E2D60E194760C000DE0EFF /* DDXML.h */,
				42E2D60F194760C000DE0EFF /* DDXMLDocument.h */,
				42E2D610194760C000DE0EFF /* DDXMLDocument.m */,
				42E2D611194760C000DE0EFF /* DDXMLElement.h */,
				42E2D612194760C000DE0EFF /* DDXMLElement.m */,
				42E2D613194760C000DE0EFF /* DDXMLNode.h */,
				42E2D614194760C000DE0EFF /* DDXMLNode.m */,
				42E2D615194760C000DE0EFF /* Private */,
			);
			path = KissXML;
			sourceTree = "<group>";
		};
		42E2D60B194760C000DE0EFF /* Categories */ = {
			isa = PBXGroup;
			children = (
				42E2D60C194760C000DE0EFF /* NSString+DDXML.h */,
				42E2D60D194760C000DE0EFF /* NSString+DDXML.m */,
			);
			path = Categories;
			sourceTree = "<group>";
		};
		42E2D615194760C000DE0EFF /* Private */ = {
			isa = PBXGroup;
			children = (
				42E2D616194760C000DE0EFF /* DDXMLPrivate.h */,
			);
			path = Private;
			sourceTree = "<group>";
		};
		42E2D620194761F300DE0EFF /* libidn */ = {
			isa = PBXGroup;
			children = (
				42E2D61B194761E900DE0EFF /* idn-int.h */,
				42E2D61C194761E900DE0EFF /* libidn.a */,
				42E2D61D194761E900DE0EFF /* stringprep.h */,
			);
			name = libidn;
			sourceTree = "<group>";
		};
		42E2D621194762AA00DE0EFF /* Authentication */ = {
			isa = PBXGroup;
			children = (
				42E2D622194762AA00DE0EFF /* Anonymous */,
				42E2D625194762AA00DE0EFF /* Deprecated-Digest */,
				42E2D628194762AA00DE0EFF /* Deprecated-Plain */,
				42E2D62B194762AA00DE0EFF /* Digest-MD5 */,
				42E2D62E194762AA00DE0EFF /* Plain */,
				42E2D631194762AA00DE0EFF /* SCRAM-SHA-1 */,
				42E2D634194762AA00DE0EFF /* X-Facebook-Platform */,
				42E2D637194762AA00DE0EFF /* X-OAuth2-Google */,
				42E2D63A194762AA00DE0EFF /* XMPPSASLAuthentication.h */,
			);
			path = Authentication;
			sourceTree = "<group>";
		};
		42E2D622194762AA00DE0EFF /* Anonymous */ = {
			isa = PBXGroup;
			children = (
				42E2D623194762AA00DE0EFF /* XMPPAnonymousAuthentication.h */,
				42E2D624194762AA00DE0EFF /* XMPPAnonymousAuthentication.m */,
			);
			path = Anonymous;
			sourceTree = "<group>";
		};
		42E2D625194762AA00DE0EFF /* Deprecated-Digest */ = {
			isa = PBXGroup;
			children = (
				42E2D626194762AA00DE0EFF /* XMPPDeprecatedDigestAuthentication.h */,
				42E2D627194762AA00DE0EFF /* XMPPDeprecatedDigestAuthentication.m */,
			);
			path = "Deprecated-Digest";
			sourceTree = "<group>";
		};
		42E2D628194762AA00DE0EFF /* Deprecated-Plain */ = {
			isa = PBXGroup;
			children = (
				42E2D629194762AA00DE0EFF /* XMPPDeprecatedPlainAuthentication.h */,
				42E2D62A194762AA00DE0EFF /* XMPPDeprecatedPlainAuthentication.m */,
			);
			path = "Deprecated-Plain";
			sourceTree = "<group>";
		};
		42E2D62B194762AA00DE0EFF /* Digest-MD5 */ = {
			isa = PBXGroup;
			children = (
				42E2D62C194762AA00DE0EFF /* XMPPDigestMD5Authentication.h */,
				42E2D62D194762AA00DE0EFF /* XMPPDigestMD5Authentication.m */,
			);
			path = "Digest-MD5";
			sourceTree = "<group>";
		};
		42E2D62E194762AA00DE0EFF /* Plain */ = {
			isa = PBXGroup;
			children = (
				42E2D62F194762AA00DE0EFF /* XMPPPlainAuthentication.h */,
				42E2D630194762AA00DE0EFF /* XMPPPlainAuthentication.m */,
			);
			path = Plain;
			sourceTree = "<group>";
		};
		42E2D631194762AA00DE0EFF /* SCRAM-SHA-1 */ = {
			isa = PBXGroup;
			children = (
				42E2D632194762AA00DE0EFF /* XMPPSCRAMSHA1Authentication.h */,
				42E2D633194762AA00DE0EFF /* XMPPSCRAMSHA1Authentication.m */,
			);
			path = "SCRAM-SHA-1";
			sourceTree = "<group>";
		};
		42E2D634194762AA00DE0EFF /* X-Facebook-Platform */ = {
			isa = PBXGroup;
			children = (
				42E2D635194762AA00DE0EFF /* XMPPXFacebookPlatformAuthentication.h */,
				42E2D636194762AA00DE0EFF /* XMPPXFacebookPlatformAuthentication.m */,
			);
			path = "X-Facebook-Platform";
			sourceTree = "<group>";
		};
		42E2D637194762AA00DE0EFF /* X-OAuth2-Google */ = {
			isa = PBXGroup;
			children = (
				42E2D638194762AA00DE0EFF /* XMPPXOAuth2Google.h */,
				42E2D639194762AA00DE0EFF /* XMPPXOAuth2Google.m */,
			);
			path = "X-OAuth2-Google";
			sourceTree = "<group>";
		};
		42E2D63B194762AA00DE0EFF /* Categories */ = {
			isa = PBXGroup;
			children = (
				42E2D63C194762AA00DE0EFF /* NSData+XMPP.h */,
				42E2D63D194762AA00DE0EFF /* NSData+XMPP.m */,
				42E2D63E194762AA00DE0EFF /* NSNumber+XMPP.h */,
				42E2D63F194762AA00DE0EFF /* NSNumber+XMPP.m */,
				42E2D640194762AA00DE0EFF /* NSXMLElement+XMPP.h */,
				42E2D641194762AA00DE0EFF /* NSXMLElement+XMPP.m */,
			);
			path = Categories;
			sourceTree = "<group>";
		};
		42E2D642194762AA00DE0EFF /* Core */ = {
			isa = PBXGroup;
			children = (
				42E2D643194762AA00DE0EFF /* XMPP.h */,
				42E2D644194762AA00DE0EFF /* XMPPElement.h */,
				42E2D645194762AA00DE0EFF /* XMPPElement.m */,
				42E2D646194762AA00DE0EFF /* XMPPInternal.h */,
				42E2D647194762AA00DE0EFF /* XMPPIQ.h */,
				42E2D648194762AA00DE0EFF /* XMPPIQ.m */,
				42E2D649194762AA00DE0EFF /* XMPPJID.h */,
				42E2D64A194762AA00DE0EFF /* XMPPJID.m */,
				42E2D64B194762AA00DE0EFF /* XMPPLogging.h */,
				42E2D64C194762AA00DE0EFF /* XMPPMessage.h */,
				42E2D64D194762AA00DE0EFF /* XMPPMessage.m */,
				42E2D64E194762AA00DE0EFF /* XMPPModule.h */,
				42E2D64F194762AA00DE0EFF /* XMPPModule.m */,
				42E2D650194762AA00DE0EFF /* XMPPParser.h */,
				42E2D651194762AA00DE0EFF /* XMPPParser.m */,
				42E2D652194762AA00DE0EFF /* XMPPPresence.h */,
				42E2D653194762AA00DE0EFF /* XMPPPresence.m */,
				42E2D654194762AA00DE0EFF /* XMPPStream.h */,
				42E2D655194762AA00DE0EFF /* XMPPStream.m */,
			);
			path = Core;
			sourceTree = "<group>";
		};
		42E2D656194762AA00DE0EFF /* Utilities */ = {
			isa = PBXGroup;
			children = (
				42E2D657194762AA00DE0EFF /* DDList.h */,
				42E2D658194762AA00DE0EFF /* DDList.m */,
				42E2D659194762AA00DE0EFF /* GCDMulticastDelegate.h */,
				42E2D65A194762AA00DE0EFF /* GCDMulticastDelegate.m */,
				42E2D65B194762AA00DE0EFF /* RFImageToDataTransformer.h */,
				42E2D65C194762AA00DE0EFF /* RFImageToDataTransformer.m */,
				42E2D65D194762AA00DE0EFF /* XMPPIDTracker.h */,
				42E2D65E194762AA00DE0EFF /* XMPPIDTracker.m */,
				42E2D65F194762AA00DE0EFF /* XMPPSRVResolver.h */,
				42E2D660194762AA00DE0EFF /* XMPPSRVResolver.m */,
				42E2D661194762AA00DE0EFF /* XMPPStringPrep.h */,
				42E2D662194762AA00DE0EFF /* XMPPStringPrep.m */,
			);
			path = Utilities;
			sourceTree = "<group>";
		};
		42E2D67C194762AE00DE0EFF /* XMPP */ = {
			isa = PBXGroup;
			children = (
				42E2D621194762AA00DE0EFF /* Authentication */,
				42E2D63B194762AA00DE0EFF /* Categories */,
				42E2D642194762AA00DE0EFF /* Core */,
				42E2D656194762AA00DE0EFF /* Utilities */,
			);
			name = XMPP;
			sourceTree = "<group>";
		};
/* End PBXGroup section */

/* Begin PBXNativeTarget section */
		42644EED19471F0200852BEA /* SwiftXMPP */ = {
			isa = PBXNativeTarget;
			buildConfigurationList = 42644F0A19471F0200852BEA /* Build configuration list for PBXNativeTarget "SwiftXMPP" */;
			buildPhases = (
				42644EEA19471F0200852BEA /* Sources */,
				42644EEB19471F0200852BEA /* Frameworks */,
				42644EEC19471F0200852BEA /* Resources */,
			);
			buildRules = (
			);
			dependencies = (
			);
			name = SwiftXMPP;
			productName = SwiftXMPP;
			productReference = 42644EEE19471F0200852BEA /* SwiftXMPP.app */;
			productType = "com.apple.product-type.application";
		};
		42644EFF19471F0200852BEA /* SwiftXMPPTests */ = {
			isa = PBXNativeTarget;
			buildConfigurationList = 42644F0D19471F0200852BEA /* Build configuration list for PBXNativeTarget "SwiftXMPPTests" */;
			buildPhases = (
				42644EFC19471F0200852BEA /* Sources */,
				42644EFD19471F0200852BEA /* Frameworks */,
				42644EFE19471F0200852BEA /* Resources */,
			);
			buildRules = (
			);
			dependencies = (
				42644F0219471F0200852BEA /* PBXTargetDependency */,
			);
			name = SwiftXMPPTests;
			productName = SwiftXMPPTests;
			productReference = 42644F0019471F0200852BEA /* SwiftXMPPTests.xctest */;
			productType = "com.apple.product-type.bundle.unit-test";
		};
/* End PBXNativeTarget section */

/* Begin PBXProject section */
		42644EE619471F0200852BEA /* Project object */ = {
			isa = PBXProject;
			attributes = {
				LastUpgradeCheck = 0600;
				ORGANIZATIONNAME = "Felix Grabowski";
				TargetAttributes = {
					42644EED19471F0200852BEA = {
						CreatedOnToolsVersion = 6.0;
					};
					42644EFF19471F0200852BEA = {
						CreatedOnToolsVersion = 6.0;
						TestTargetID = 42644EED19471F0200852BEA;
					};
				};
			};
			buildConfigurationList = 42644EE919471F0200852BEA /* Build configuration list for PBXProject "SwiftXMPP" */;
			compatibilityVersion = "Xcode 3.2";
			developmentRegion = English;
			hasScannedForEncodings = 0;
			knownRegions = (
				en,
				Base,
			);
			mainGroup = 42644EE519471F0200852BEA;
			productRefGroup = 42644EEF19471F0200852BEA /* Products */;
			projectDirPath = "";
			projectRoot = "";
			targets = (
				42644EED19471F0200852BEA /* SwiftXMPP */,
				42644EFF19471F0200852BEA /* SwiftXMPPTests */,
			);
		};
/* End PBXProject section */

/* Begin PBXResourcesBuildPhase section */
		42644EEC19471F0200852BEA /* Resources */ = {
			isa = PBXResourcesBuildPhase;
			buildActionMask = 2147483647;
			files = (
				42644EF919471F0200852BEA /* Main.storyboard in Resources */,
				42E2D6051947608600DE0EFF /* README.txt in Resources */,
				42644EFB19471F0200852BEA /* Images.xcassets in Resources */,
			);
			runOnlyForDeploymentPostprocessing = 0;
		};
		42644EFE19471F0200852BEA /* Resources */ = {
			isa = PBXResourcesBuildPhase;
			buildActionMask = 2147483647;
			files = (
			);
			runOnlyForDeploymentPostprocessing = 0;
		};
/* End PBXResourcesBuildPhase section */

/* Begin PBXSourcesBuildPhase section */
		42644EEA19471F0200852BEA /* Sources */ = {
			isa = PBXSourcesBuildPhase;
			buildActionMask = 2147483647;
			files = (
				42E2D678194762AA00DE0EFF /* RFImageToDataTransformer.m in Sources */,
				42E2D66C194762AA00DE0EFF /* NSNumber+XMPP.m in Sources */,
				42E2D6861947701000DE0EFF /* ChatViewController.swift in Sources */,
				42E2D665194762AA00DE0EFF /* XMPPDeprecatedPlainAuthentication.m in Sources */,
				42E2D6011947608600DE0EFF /* DDLog.m in Sources */,
				42E2D67A194762AA00DE0EFF /* XMPPSRVResolver.m in Sources */,
				42E2D6841947685D00DE0EFF /* MessageDelegate.swift in Sources */,
				42E2D618194760C000DE0EFF /* DDXMLDocument.m in Sources */,
				42E2D6021947608600DE0EFF /* DDTTYLogger.m in Sources */,
				42E2D674194762AA00DE0EFF /* XMPPPresence.m in Sources */,
				42E2D66A194762AA00DE0EFF /* XMPPXOAuth2Google.m in Sources */,
				42E2D675194762AA00DE0EFF /* XMPPStream.m in Sources */,
				42E2D617194760C000DE0EFF /* NSString+DDXML.m in Sources */,
				42E2D6001947608600DE0EFF /* DDFileLogger.m in Sources */,
				42E2D663194762AA00DE0EFF /* XMPPAnonymousAuthentication.m in Sources */,
				42E2D6801947646700DE0EFF /* BuddyListViewController.swift in Sources */,
				42E2D66D194762AA00DE0EFF /* NSXMLElement+XMPP.m in Sources */,
				420F5F04194799560024DCA6 /* LoginViewController.swift in Sources */,
				42E2D61A194760C000DE0EFF /* DDXMLNode.m in Sources */,
				42E2D66E194762AA00DE0EFF /* XMPPElement.m in Sources */,
				42E2D677194762AA00DE0EFF /* GCDMulticastDelegate.m in Sources */,
				42E2D66F194762AA00DE0EFF /* XMPPIQ.m in Sources */,
				42E2D666194762AA00DE0EFF /* XMPPDigestMD5Authentication.m in Sources */,
				42E2D6041947608600DE0EFF /* DispatchQueueLogFormatter.m in Sources */,
				42E2D676194762AA00DE0EFF /* DDList.m in Sources */,
				42E2D672194762AA00DE0EFF /* XMPPModule.m in Sources */,
				42E2D670194762AA00DE0EFF /* XMPPJID.m in Sources */,
				42E2D671194762AA00DE0EFF /* XMPPMessage.m in Sources */,
				42E2D664194762AA00DE0EFF /* XMPPDeprecatedDigestAuthentication.m in Sources */,
				42E2D667194762AA00DE0EFF /* XMPPPlainAuthentication.m in Sources */,
				42E2D619194760C000DE0EFF /* DDXMLElement.m in Sources */,
				42E2D5FE1947608600DE0EFF /* DDAbstractDatabaseLogger.m in Sources */,
				42644EF419471F0200852BEA /* AppDelegate.swift in Sources */,
				42E2D673194762AA00DE0EFF /* XMPPParser.m in Sources */,
				42E2D5FF1947608600DE0EFF /* DDASLLogger.m in Sources */,
				42E2D66B194762AA00DE0EFF /* NSData+XMPP.m in Sources */,
				42E2D6091947609C00DE0EFF /* GCDAsyncSocket.m in Sources */,
				42E2D682194764B600DE0EFF /* ChatDelegate.swift in Sources */,
				42E2D679194762AA00DE0EFF /* XMPPIDTracker.m in Sources */,
				42E2D668194762AA00DE0EFF /* XMPPSCRAMSHA1Authentication.m in Sources */,
				42E2D669194762AA00DE0EFF /* XMPPXFacebookPlatformAuthentication.m in Sources */,
				42E2D67B194762AA00DE0EFF /* XMPPStringPrep.m in Sources */,
				42E2D6031947608600DE0EFF /* ContextFilterLogFormatter.m in Sources */,
			);
			runOnlyForDeploymentPostprocessing = 0;
		};
		42644EFC19471F0200852BEA /* Sources */ = {
			isa = PBXSourcesBuildPhase;
			buildActionMask = 2147483647;
			files = (
				42644F0719471F0200852BEA /* SwiftXMPPTests.swift in Sources */,
			);
			runOnlyForDeploymentPostprocessing = 0;
		};
/* End PBXSourcesBuildPhase section */

/* Begin PBXTargetDependency section */
		42644F0219471F0200852BEA /* PBXTargetDependency */ = {
			isa = PBXTargetDependency;
			target = 42644EED19471F0200852BEA /* SwiftXMPP */;
			targetProxy = 42644F0119471F0200852BEA /* PBXContainerItemProxy */;
		};
/* End PBXTargetDependency section */

/* Begin PBXVariantGroup section */
		42644EF719471F0200852BEA /* Main.storyboard */ = {
			isa = PBXVariantGroup;
			children = (
				42644EF819471F0200852BEA /* Base */,
			);
			name = Main.storyboard;
			sourceTree = "<group>";
		};
/* End PBXVariantGroup section */

/* Begin XCBuildConfiguration section */
		42644F0819471F0200852BEA /* Debug */ = {
			isa = XCBuildConfiguration;
			buildSettings = {
				ALWAYS_SEARCH_USER_PATHS = NO;
				CLANG_CXX_LANGUAGE_STANDARD = "gnu++0x";
				CLANG_CXX_LIBRARY = "libc++";
				CLANG_ENABLE_MODULES = YES;
				CLANG_ENABLE_OBJC_ARC = YES;
				CLANG_WARN_BOOL_CONVERSION = YES;
				CLANG_WARN_CONSTANT_CONVERSION = YES;
				CLANG_WARN_DIRECT_OBJC_ISA_USAGE = YES_ERROR;
				CLANG_WARN_EMPTY_BODY = YES;
				CLANG_WARN_ENUM_CONVERSION = YES;
				CLANG_WARN_INT_CONVERSION = YES;
				CLANG_WARN_OBJC_ROOT_CLASS = YES_ERROR;
				CLANG_WARN_UNREACHABLE_CODE = YES;
				CLANG_WARN__DUPLICATE_METHOD_MATCH = YES;
				"CODE_SIGN_IDENTITY[sdk=iphoneos*]" = "iPhone Developer";
				COPY_PHASE_STRIP = NO;
				ENABLE_STRICT_OBJC_MSGSEND = YES;
				GCC_C_LANGUAGE_STANDARD = gnu99;
				GCC_DYNAMIC_NO_PIC = NO;
				GCC_OPTIMIZATION_LEVEL = 0;
				GCC_PREPROCESSOR_DEFINITIONS = (
					"DEBUG=1",
					"$(inherited)",
				);
				GCC_SYMBOLS_PRIVATE_EXTERN = NO;
				GCC_WARN_64_TO_32_BIT_CONVERSION = YES;
				GCC_WARN_ABOUT_RETURN_TYPE = YES_ERROR;
				GCC_WARN_UNDECLARED_SELECTOR = YES;
				GCC_WARN_UNINITIALIZED_AUTOS = YES_AGGRESSIVE;
				GCC_WARN_UNUSED_FUNCTION = YES;
				GCC_WARN_UNUSED_VARIABLE = YES;
				HEADER_SEARCH_PATHS = (
					"$(inherited)",
					"/Applications/Xcode6-Beta.app/Contents/Developer/Toolchains/XcodeDefault.xctoolchain/usr/include",
					/usr/include/libxml2,
				);
				IPHONEOS_DEPLOYMENT_TARGET = 7.1;
				LIBRARY_SEARCH_PATHS = /Users/fukurokujo/Documents/Development/SwiftXMPP;
				METAL_ENABLE_DEBUG_INFO = YES;
				ONLY_ACTIVE_ARCH = YES;
				OTHER_LDFLAGS = "-lxml2";
				SDKROOT = iphoneos;
				SWIFT_OPTIMIZATION_LEVEL = "-Onone";
				TARGETED_DEVICE_FAMILY = "1,2";
			};
			name = Debug;
		};
		42644F0919471F0200852BEA /* Release */ = {
			isa = XCBuildConfiguration;
			buildSettings = {
				ALWAYS_SEARCH_USER_PATHS = NO;
				CLANG_CXX_LANGUAGE_STANDARD = "gnu++0x";
				CLANG_CXX_LIBRARY = "libc++";
				CLANG_ENABLE_MODULES = YES;
				CLANG_ENABLE_OBJC_ARC = YES;
				CLANG_WARN_BOOL_CONVERSION = YES;
				CLANG_WARN_CONSTANT_CONVERSION = YES;
				CLANG_WARN_DIRECT_OBJC_ISA_USAGE = YES_ERROR;
				CLANG_WARN_EMPTY_BODY = YES;
				CLANG_WARN_ENUM_CONVERSION = YES;
				CLANG_WARN_INT_CONVERSION = YES;
				CLANG_WARN_OBJC_ROOT_CLASS = YES_ERROR;
				CLANG_WARN_UNREACHABLE_CODE = YES;
				CLANG_WARN__DUPLICATE_METHOD_MATCH = YES;
				"CODE_SIGN_IDENTITY[sdk=iphoneos*]" = "iPhone Developer";
				COPY_PHASE_STRIP = YES;
				ENABLE_NS_ASSERTIONS = NO;
				ENABLE_STRICT_OBJC_MSGSEND = YES;
				GCC_C_LANGUAGE_STANDARD = gnu99;
				GCC_WARN_64_TO_32_BIT_CONVERSION = YES;
				GCC_WARN_ABOUT_RETURN_TYPE = YES_ERROR;
				GCC_WARN_UNDECLARED_SELECTOR = YES;
				GCC_WARN_UNINITIALIZED_AUTOS = YES_AGGRESSIVE;
				GCC_WARN_UNUSED_FUNCTION = YES;
				GCC_WARN_UNUSED_VARIABLE = YES;
				HEADER_SEARCH_PATHS = (
					"$(inherited)",
					"/Applications/Xcode6-Beta.app/Contents/Developer/Toolchains/XcodeDefault.xctoolchain/usr/include",
					/usr/include/libxml2,
				);
				IPHONEOS_DEPLOYMENT_TARGET = 7.1;
				LIBRARY_SEARCH_PATHS = /Users/fukurokujo/Documents/Development/SwiftXMPP;
				METAL_ENABLE_DEBUG_INFO = NO;
				OTHER_LDFLAGS = "-lxml2";
				SDKROOT = iphoneos;
				TARGETED_DEVICE_FAMILY = "1,2";
				VALIDATE_PRODUCT = YES;
			};
			name = Release;
		};
		42644F0B19471F0200852BEA /* Debug */ = {
			isa = XCBuildConfiguration;
			buildSettings = {
				ASSETCATALOG_COMPILER_APPICON_NAME = AppIcon;
				ASSETCATALOG_COMPILER_LAUNCHIMAGE_NAME = LaunchImage;
				CLANG_ENABLE_MODULES = YES;
				INFOPLIST_FILE = SwiftXMPP/Info.plist;
				IPHONEOS_DEPLOYMENT_TARGET = 7.0;
				LD_RUNPATH_SEARCH_PATHS = "$(inherited) @executable_path/Frameworks";
				LIBRARY_SEARCH_PATHS = (
					"$(inherited)",
					"$(PROJECT_DIR)",
				);
				PRODUCT_NAME = SwiftXMPP;
				SWIFT_OBJC_BRIDGING_HEADER = "SwiftXMPP/SwiftXMPP-Bridging-Header.h";
				SWIFT_OPTIMIZATION_LEVEL = "-Onone";
			};
			name = Debug;
		};
		42644F0C19471F0200852BEA /* Release */ = {
			isa = XCBuildConfiguration;
			buildSettings = {
				ASSETCATALOG_COMPILER_APPICON_NAME = AppIcon;
				ASSETCATALOG_COMPILER_LAUNCHIMAGE_NAME = LaunchImage;
				CLANG_ENABLE_MODULES = YES;
				INFOPLIST_FILE = SwiftXMPP/Info.plist;
				IPHONEOS_DEPLOYMENT_TARGET = 7.0;
				LD_RUNPATH_SEARCH_PATHS = "$(inherited) @executable_path/Frameworks";
				LIBRARY_SEARCH_PATHS = (
					"$(inherited)",
					"$(PROJECT_DIR)",
				);
				PRODUCT_NAME = SwiftXMPP;
				SWIFT_OBJC_BRIDGING_HEADER = "SwiftXMPP/SwiftXMPP-Bridging-Header.h";
			};
			name = Release;
		};
		42644F0E19471F0200852BEA /* Debug */ = {
			isa = XCBuildConfiguration;
			buildSettings = {
				BUNDLE_LOADER = "$(BUILT_PRODUCTS_DIR)/SwiftXMPP.app/SwiftXMPP";
				FRAMEWORK_SEARCH_PATHS = (
					"$(SDKROOT)/Developer/Library/Frameworks",
					"$(inherited)",
				);
				GCC_PREPROCESSOR_DEFINITIONS = (
					"DEBUG=1",
					"$(inherited)",
				);
				INFOPLIST_FILE = SwiftXMPPTests/Info.plist;
				LD_RUNPATH_SEARCH_PATHS = "$(inherited) @executable_path/Frameworks @loader_path/Frameworks";
				METAL_ENABLE_DEBUG_INFO = YES;
				PRODUCT_NAME = SwiftXMPPTests;
				TEST_HOST = "$(BUNDLE_LOADER)";
			};
			name = Debug;
		};
		42644F0F19471F0200852BEA /* Release */ = {
			isa = XCBuildConfiguration;
			buildSettings = {
				BUNDLE_LOADER = "$(BUILT_PRODUCTS_DIR)/SwiftXMPP.app/SwiftXMPP";
				FRAMEWORK_SEARCH_PATHS = (
					"$(SDKROOT)/Developer/Library/Frameworks",
					"$(inherited)",
				);
				INFOPLIST_FILE = SwiftXMPPTests/Info.plist;
				LD_RUNPATH_SEARCH_PATHS = "$(inherited) @executable_path/Frameworks @loader_path/Frameworks";
				METAL_ENABLE_DEBUG_INFO = NO;
				PRODUCT_NAME = SwiftXMPPTests;
				TEST_HOST = "$(BUNDLE_LOADER)";
			};
			name = Release;
		};
/* End XCBuildConfiguration section */

/* Begin XCConfigurationList section */
		42644EE919471F0200852BEA /* Build configuration list for PBXProject "SwiftXMPP" */ = {
			isa = XCConfigurationList;
			buildConfigurations = (
				42644F0819471F0200852BEA /* Debug */,
				42644F0919471F0200852BEA /* Release */,
			);
			defaultConfigurationIsVisible = 0;
			defaultConfigurationName = Release;
		};
		42644F0A19471F0200852BEA /* Build configuration list for PBXNativeTarget "SwiftXMPP" */ = {
			isa = XCConfigurationList;
			buildConfigurations = (
				42644F0B19471F0200852BEA /* Debug */,
				42644F0C19471F0200852BEA /* Release */,
			);
			defaultConfigurationIsVisible = 0;
			defaultConfigurationName = Release;
		};
		42644F0D19471F0200852BEA /* Build configuration list for PBXNativeTarget "SwiftXMPPTests" */ = {
			isa = XCConfigurationList;
			buildConfigurations = (
				42644F0E19471F0200852BEA /* Debug */,
				42644F0F19471F0200852BEA /* Release */,
			);
			defaultConfigurationIsVisible = 0;
			defaultConfigurationName = Release;
		};
/* End XCConfigurationList section */
	};
	rootObject = 42644EE619471F0200852BEA /* Project object */;
}
